{
  "version": 4,
  "terraform_version": "0.12.12",
  "serial": 1633,
  "lineage": "31598216-a916-594c-4a5d-2159e50183a6",
  "outputs": {},
  "resources": [
    {
      "mode": "managed",
      "type": "aws_appautoscaling_target",
      "name": "ecs-scaling-billing",
      "provider": "provider.aws",
      "instances": [
        {
          "schema_version": 0,
          "attributes": {
            "id": "service/docker-qa-cl-replica/billing",
            "max_capacity": 2,
            "min_capacity": 1,
            "resource_id": "service/docker-qa-cl-replica/billing",
            "role_arn": "arn:aws:iam::639716861848:role/aws-service-role/ecs.application-autoscaling.amazonaws.com/AWSServiceRoleForApplicationAutoScaling_ECSService",
            "scalable_dimension": "ecs:service:DesiredCount",
            "service_namespace": "ecs"
          },
          "private": "bnVsbA==",
          "depends_on": [
            "aws_ecs_cluster.docker-QA-cl-rep",
            "aws_ecs_service.billing"
          ]
        }
      ]
    },
    {
      "mode": "managed",
      "type": "aws_autoscaling_group",
      "name": "ECSAutoscaling",
      "provider": "provider.aws",
      "instances": [
        {
          "schema_version": 0,
          "attributes": {
            "arn": "arn:aws:autoscaling:eu-west-3:639716861848:autoScalingGroup:b1b36c41-667d-4876-b68f-f88a2716c1b6:autoScalingGroupName/tf-asg-20191105155532029400000017",
            "availability_zones": [
              "eu-west-3b",
              "eu-west-3c"
            ],
            "default_cooldown": 300,
            "desired_capacity": 1,
            "enabled_metrics": [],
            "force_delete": false,
            "health_check_grace_period": 300,
            "health_check_type": "EC2",
            "id": "tf-asg-20191105155532029400000017",
            "initial_lifecycle_hook": [],
            "launch_configuration": "ECSCluster-launch-configuration",
            "launch_template": [],
            "load_balancers": [],
            "max_size": 6,
            "metrics_granularity": "1Minute",
            "min_elb_capacity": null,
            "min_size": 1,
            "mixed_instances_policy": [],
            "name": "tf-asg-20191105155532029400000017",
            "name_prefix": null,
            "placement_group": "",
            "protect_from_scale_in": false,
            "service_linked_role_arn": "arn:aws:iam::639716861848:role/aws-service-role/autoscaling.amazonaws.com/AWSServiceRoleForAutoScaling",
            "suspended_processes": [],
            "tag": [],
            "tags": null,
            "target_group_arns": [],
            "termination_policies": [],
            "timeouts": null,
            "vpc_zone_identifier": [
              "subnet-03bdddc5986396fe6",
              "subnet-04215367a32857acb",
              "subnet-0aa8e9565334848cb"
            ],
            "wait_for_capacity_timeout": "10m",
            "wait_for_elb_capacity": null
          },
          "private": "eyJlMmJmYjczMC1lY2FhLTExZTYtOGY4OC0zNDM2M2JjN2M0YzAiOnsiZGVsZXRlIjo2MDAwMDAwMDAwMDB9fQ==",
          "depends_on": [
            "aws_launch_configuration.ECS-LaunchConfig",
            "aws_subnet.PrivateSubnetA",
            "aws_subnet.PrivateSubnetB",
            "aws_subnet.PrivateSubnetC"
          ]
        }
      ]
    },
    {
      "mode": "managed",
      "type": "aws_ecs_cluster",
      "name": "docker-QA-cl-rep",
      "provider": "provider.aws",
      "instances": [
        {
          "schema_version": 0,
          "attributes": {
            "arn": "arn:aws:ecs:eu-west-3:639716861848:cluster/docker-qa-cl-replica",
            "id": "arn:aws:ecs:eu-west-3:639716861848:cluster/docker-qa-cl-replica",
            "name": "docker-qa-cl-replica",
            "setting": [
              {
                "name": "containerInsights",
                "value": "enabled"
              }
            ],
            "tags": {}
          },
          "private": "bnVsbA=="
        }
      ]
    },
    {
      "mode": "managed",
      "type": "aws_ecs_service",
      "name": "billing",
      "provider": "provider.aws",
      "instances": [
        {
          "schema_version": 0,
          "attributes": {
            "cluster": "arn:aws:ecs:eu-west-3:639716861848:cluster/docker-qa-cl-replica",
            "deployment_controller": [
              {
                "type": "ECS"
              }
            ],
            "deployment_maximum_percent": 200,
            "deployment_minimum_healthy_percent": 100,
            "desired_count": 1,
            "enable_ecs_managed_tags": false,
            "health_check_grace_period_seconds": 0,
            "iam_role": null,
            "id": "arn:aws:ecs:eu-west-3:639716861848:service/billing",
            "launch_type": "EC2",
            "load_balancer": [],
            "name": "billing",
            "network_configuration": [],
            "ordered_placement_strategy": [],
            "placement_constraints": [],
            "placement_strategy": [],
            "platform_version": "",
            "propagate_tags": "NONE",
            "scheduling_strategy": "REPLICA",
            "service_registries": [],
            "tags": {},
            "task_definition": "arn:aws:ecs:eu-west-3:639716861848:task-definition/billing-docker-qa:10"
          },
          "private": "bnVsbA==",
          "depends_on": [
            "aws_ecs_cluster.docker-QA-cl-rep",
            "aws_ecs_task_definition.billing-docker-qa"
          ]
        }
      ]
    },
    {
      "mode": "managed",
      "type": "aws_ecs_service",
      "name": "campaigns",
      "provider": "provider.aws",
      "instances": [
        {
          "schema_version": 0,
          "attributes": {
            "cluster": "arn:aws:ecs:eu-west-3:639716861848:cluster/docker-qa-cl-replica",
            "deployment_controller": [
              {
                "type": "ECS"
              }
            ],
            "deployment_maximum_percent": 200,
            "deployment_minimum_healthy_percent": 100,
            "desired_count": 1,
            "enable_ecs_managed_tags": false,
            "health_check_grace_period_seconds": 0,
            "iam_role": null,
            "id": "arn:aws:ecs:eu-west-3:639716861848:service/campaigns",
            "launch_type": "EC2",
            "load_balancer": [],
            "name": "campaigns",
            "network_configuration": [],
            "ordered_placement_strategy": [],
            "placement_constraints": [],
            "placement_strategy": [],
            "platform_version": "",
            "propagate_tags": "NONE",
            "scheduling_strategy": "REPLICA",
            "service_registries": [],
            "tags": {},
            "task_definition": "arn:aws:ecs:eu-west-3:639716861848:task-definition/campaigns-docker-qa:9"
          },
          "private": "bnVsbA==",
          "depends_on": [
            "aws_ecs_cluster.docker-QA-cl-rep",
            "aws_ecs_task_definition.campaigns-docker-qa"
          ]
        }
      ]
    },
    {
      "mode": "managed",
      "type": "aws_ecs_service",
      "name": "cashback",
      "provider": "provider.aws",
      "instances": [
        {
          "schema_version": 0,
          "attributes": {
            "cluster": "arn:aws:ecs:eu-west-3:639716861848:cluster/docker-qa-cl-replica",
            "deployment_controller": [
              {
                "type": "ECS"
              }
            ],
            "deployment_maximum_percent": 200,
            "deployment_minimum_healthy_percent": 100,
            "desired_count": 1,
            "enable_ecs_managed_tags": false,
            "health_check_grace_period_seconds": 0,
            "iam_role": null,
            "id": "arn:aws:ecs:eu-west-3:639716861848:service/cashback",
            "launch_type": "EC2",
            "load_balancer": [],
            "name": "cashback",
            "network_configuration": [],
            "ordered_placement_strategy": [],
            "placement_constraints": [],
            "placement_strategy": [],
            "platform_version": "",
            "propagate_tags": "NONE",
            "scheduling_strategy": "REPLICA",
            "service_registries": [],
            "tags": {},
            "task_definition": "arn:aws:ecs:eu-west-3:639716861848:task-definition/cashback-docker-qa:8"
          },
          "private": "bnVsbA==",
          "depends_on": [
            "aws_ecs_cluster.docker-QA-cl-rep",
            "aws_ecs_task_definition.cashback-docker-qa"
          ]
        }
      ]
    },
    {
      "mode": "managed",
      "type": "aws_ecs_service",
      "name": "community",
      "provider": "provider.aws",
      "instances": [
        {
          "schema_version": 0,
          "attributes": {
            "cluster": "arn:aws:ecs:eu-west-3:639716861848:cluster/docker-qa-cl-replica",
            "deployment_controller": [
              {
                "type": "ECS"
              }
            ],
            "deployment_maximum_percent": 200,
            "deployment_minimum_healthy_percent": 100,
            "desired_count": 1,
            "enable_ecs_managed_tags": false,
            "health_check_grace_period_seconds": 0,
            "iam_role": null,
            "id": "arn:aws:ecs:eu-west-3:639716861848:service/community",
            "launch_type": "EC2",
            "load_balancer": [],
            "name": "community",
            "network_configuration": [],
            "ordered_placement_strategy": [],
            "placement_constraints": [],
            "placement_strategy": [],
            "platform_version": "",
            "propagate_tags": "NONE",
            "scheduling_strategy": "REPLICA",
            "service_registries": [],
            "tags": {},
            "task_definition": "arn:aws:ecs:eu-west-3:639716861848:task-definition/community-docker-qa:9"
          },
          "private": "bnVsbA==",
          "depends_on": [
            "aws_ecs_cluster.docker-QA-cl-rep",
            "aws_ecs_task_definition.community-docker-qa"
          ]
        }
      ]
    },
    {
      "mode": "managed",
      "type": "aws_ecs_service",
      "name": "earlybird",
      "provider": "provider.aws",
      "instances": [
        {
          "schema_version": 0,
          "attributes": {
            "cluster": "arn:aws:ecs:eu-west-3:639716861848:cluster/docker-qa-cl-replica",
            "deployment_controller": [
              {
                "type": "ECS"
              }
            ],
            "deployment_maximum_percent": 200,
            "deployment_minimum_healthy_percent": 100,
            "desired_count": 1,
            "enable_ecs_managed_tags": false,
            "health_check_grace_period_seconds": 0,
            "iam_role": null,
            "id": "arn:aws:ecs:eu-west-3:639716861848:service/earlybird",
            "launch_type": "EC2",
            "load_balancer": [],
            "name": "earlybird",
            "network_configuration": [],
            "ordered_placement_strategy": [],
            "placement_constraints": [],
            "placement_strategy": [],
            "platform_version": "",
            "propagate_tags": "NONE",
            "scheduling_strategy": "REPLICA",
            "service_registries": [],
            "tags": {},
            "task_definition": "arn:aws:ecs:eu-west-3:639716861848:task-definition/earlybird-docker-qa:9"
          },
          "private": "bnVsbA==",
          "depends_on": [
            "aws_ecs_cluster.docker-QA-cl-rep",
            "aws_ecs_task_definition.earlybird-docker-qa"
          ]
        }
      ]
    },
    {
      "mode": "managed",
      "type": "aws_ecs_service",
      "name": "googleplaces",
      "provider": "provider.aws",
      "instances": [
        {
          "schema_version": 0,
          "attributes": {
            "cluster": "arn:aws:ecs:eu-west-3:639716861848:cluster/docker-qa-cl-replica",
            "deployment_controller": [
              {
                "type": "ECS"
              }
            ],
            "deployment_maximum_percent": 200,
            "deployment_minimum_healthy_percent": 100,
            "desired_count": 1,
            "enable_ecs_managed_tags": false,
            "health_check_grace_period_seconds": 0,
            "iam_role": null,
            "id": "arn:aws:ecs:eu-west-3:639716861848:service/googleplaces",
            "launch_type": "EC2",
            "load_balancer": [],
            "name": "googleplaces",
            "network_configuration": [],
            "ordered_placement_strategy": [],
            "placement_constraints": [],
            "placement_strategy": [],
            "platform_version": "",
            "propagate_tags": "NONE",
            "scheduling_strategy": "REPLICA",
            "service_registries": [],
            "tags": {},
            "task_definition": "arn:aws:ecs:eu-west-3:639716861848:task-definition/googleplaces-docker-qa:9"
          },
          "private": "bnVsbA==",
          "depends_on": [
            "aws_ecs_cluster.docker-QA-cl-rep",
            "aws_ecs_task_definition.googleplaces-docker-qa"
          ]
        }
      ]
    },
    {
      "mode": "managed",
      "type": "aws_ecs_service",
      "name": "kyc",
      "provider": "provider.aws",
      "instances": [
        {
          "schema_version": 0,
          "attributes": {
            "cluster": "arn:aws:ecs:eu-west-3:639716861848:cluster/docker-qa-cl-replica",
            "deployment_controller": [
              {
                "type": "ECS"
              }
            ],
            "deployment_maximum_percent": 200,
            "deployment_minimum_healthy_percent": 100,
            "desired_count": 1,
            "enable_ecs_managed_tags": false,
            "health_check_grace_period_seconds": 0,
            "iam_role": null,
            "id": "arn:aws:ecs:eu-west-3:639716861848:service/kyc",
            "launch_type": "EC2",
            "load_balancer": [],
            "name": "kyc",
            "network_configuration": [],
            "ordered_placement_strategy": [],
            "placement_constraints": [],
            "placement_strategy": [],
            "platform_version": "",
            "propagate_tags": "NONE",
            "scheduling_strategy": "REPLICA",
            "service_registries": [],
            "tags": {},
            "task_definition": "arn:aws:ecs:eu-west-3:639716861848:task-definition/kyc-docker-qa:9"
          },
          "private": "bnVsbA==",
          "depends_on": [
            "aws_ecs_cluster.docker-QA-cl-rep",
            "aws_ecs_task_definition.kyc-docker-qa"
          ]
        }
      ]
    },
    {
      "mode": "managed",
      "type": "aws_ecs_service",
      "name": "mailer-moleculer",
      "provider": "provider.aws",
      "instances": [
        {
          "schema_version": 0,
          "attributes": {
            "cluster": "arn:aws:ecs:eu-west-3:639716861848:cluster/docker-qa-cl-replica",
            "deployment_controller": [
              {
                "type": "ECS"
              }
            ],
            "deployment_maximum_percent": 200,
            "deployment_minimum_healthy_percent": 100,
            "desired_count": 2,
            "enable_ecs_managed_tags": false,
            "health_check_grace_period_seconds": 0,
            "iam_role": null,
            "id": "arn:aws:ecs:eu-west-3:639716861848:service/mailer-moleculer",
            "launch_type": "EC2",
            "load_balancer": [],
            "name": "mailer-moleculer",
            "network_configuration": [],
            "ordered_placement_strategy": [],
            "placement_constraints": [],
            "placement_strategy": [],
            "platform_version": "",
            "propagate_tags": "NONE",
            "scheduling_strategy": "REPLICA",
            "service_registries": [],
            "tags": {},
            "task_definition": "arn:aws:ecs:eu-west-3:639716861848:task-definition/mailer-docker-qa:9"
          },
          "private": "bnVsbA==",
          "depends_on": [
            "aws_ecs_cluster.docker-QA-cl-rep",
            "aws_ecs_task_definition.mailer-docker-qa"
          ]
        }
      ]
    },
    {
      "mode": "managed",
      "type": "aws_ecs_service",
      "name": "messaging",
      "provider": "provider.aws",
      "instances": [
        {
          "schema_version": 0,
          "attributes": {
            "cluster": "arn:aws:ecs:eu-west-3:639716861848:cluster/docker-qa-cl-replica",
            "deployment_controller": [
              {
                "type": "ECS"
              }
            ],
            "deployment_maximum_percent": 200,
            "deployment_minimum_healthy_percent": 100,
            "desired_count": 1,
            "enable_ecs_managed_tags": false,
            "health_check_grace_period_seconds": 0,
            "iam_role": null,
            "id": "arn:aws:ecs:eu-west-3:639716861848:service/messaging",
            "launch_type": "EC2",
            "load_balancer": [],
            "name": "messaging",
            "network_configuration": [],
            "ordered_placement_strategy": [],
            "placement_constraints": [],
            "placement_strategy": [],
            "platform_version": "",
            "propagate_tags": "NONE",
            "scheduling_strategy": "REPLICA",
            "service_registries": [],
            "tags": {},
            "task_definition": "arn:aws:ecs:eu-west-3:639716861848:task-definition/messaging-docker-qa:9"
          },
          "private": "bnVsbA==",
          "depends_on": [
            "aws_ecs_cluster.docker-QA-cl-rep",
            "aws_ecs_task_definition.messaging-docker-qa"
          ]
        }
      ]
    },
    {
      "mode": "managed",
      "type": "aws_ecs_service",
      "name": "moleculer-user-management",
      "provider": "provider.aws",
      "instances": [
        {
          "schema_version": 0,
          "attributes": {
            "cluster": "arn:aws:ecs:eu-west-3:639716861848:cluster/docker-qa-cl-replica",
            "deployment_controller": [
              {
                "type": "ECS"
              }
            ],
            "deployment_maximum_percent": 200,
            "deployment_minimum_healthy_percent": 100,
            "desired_count": 2,
            "enable_ecs_managed_tags": false,
            "health_check_grace_period_seconds": 0,
            "iam_role": null,
            "id": "arn:aws:ecs:eu-west-3:639716861848:service/moleculer-user-management",
            "launch_type": "EC2",
            "load_balancer": [],
            "name": "moleculer-user-management",
            "network_configuration": [],
            "ordered_placement_strategy": [],
            "placement_constraints": [],
            "placement_strategy": [],
            "platform_version": "",
            "propagate_tags": "NONE",
            "scheduling_strategy": "REPLICA",
            "service_registries": [],
            "tags": {},
            "task_definition": "arn:aws:ecs:eu-west-3:639716861848:task-definition/moleculer-user-management-docker-qa:9"
          },
          "private": "bnVsbA==",
          "depends_on": [
            "aws_ecs_cluster.docker-QA-cl-rep",
            "aws_ecs_task_definition.moleculer-user-management-docker-qa"
          ]
        }
      ]
    },
    {
      "mode": "managed",
      "type": "aws_ecs_service",
      "name": "notifier",
      "provider": "provider.aws",
      "instances": [
        {
          "schema_version": 0,
          "attributes": {
            "cluster": "arn:aws:ecs:eu-west-3:639716861848:cluster/docker-qa-cl-replica",
            "deployment_controller": [
              {
                "type": "ECS"
              }
            ],
            "deployment_maximum_percent": 200,
            "deployment_minimum_healthy_percent": 100,
            "desired_count": 1,
            "enable_ecs_managed_tags": false,
            "health_check_grace_period_seconds": 0,
            "iam_role": null,
            "id": "arn:aws:ecs:eu-west-3:639716861848:service/notifier",
            "launch_type": "EC2",
            "load_balancer": [],
            "name": "notifier",
            "network_configuration": [],
            "ordered_placement_strategy": [],
            "placement_constraints": [],
            "placement_strategy": [],
            "platform_version": "",
            "propagate_tags": "NONE",
            "scheduling_strategy": "REPLICA",
            "service_registries": [],
            "tags": {},
            "task_definition": "arn:aws:ecs:eu-west-3:639716861848:task-definition/notification-docker-qa:9"
          },
          "private": "bnVsbA==",
          "depends_on": [
            "aws_ecs_cluster.docker-QA-cl-rep",
            "aws_ecs_task_definition.notification-docker-qa"
          ]
        }
      ]
    },
    {
      "mode": "managed",
      "type": "aws_ecs_service",
      "name": "paywithcc",
      "provider": "provider.aws",
      "instances": [
        {
          "schema_version": 0,
          "attributes": {
            "cluster": "arn:aws:ecs:eu-west-3:639716861848:cluster/docker-qa-cl-replica",
            "deployment_controller": [
              {
                "type": "ECS"
              }
            ],
            "deployment_maximum_percent": 200,
            "deployment_minimum_healthy_percent": 100,
            "desired_count": 1,
            "enable_ecs_managed_tags": false,
            "health_check_grace_period_seconds": 0,
            "iam_role": null,
            "id": "arn:aws:ecs:eu-west-3:639716861848:service/paywithcc",
            "launch_type": "EC2",
            "load_balancer": [],
            "name": "paywithcc",
            "network_configuration": [],
            "ordered_placement_strategy": [],
            "placement_constraints": [],
            "placement_strategy": [],
            "platform_version": "",
            "propagate_tags": "NONE",
            "scheduling_strategy": "REPLICA",
            "service_registries": [],
            "tags": {},
            "task_definition": "arn:aws:ecs:eu-west-3:639716861848:task-definition/paywithcc-docker-qa:9"
          },
          "private": "bnVsbA==",
          "depends_on": [
            "aws_ecs_cluster.docker-QA-cl-rep",
            "aws_ecs_task_definition.paywithcc-docker-qa"
          ]
        }
      ]
    },
    {
      "mode": "managed",
      "type": "aws_ecs_service",
      "name": "ratiomanager",
      "provider": "provider.aws",
      "instances": [
        {
          "schema_version": 0,
          "attributes": {
            "cluster": "arn:aws:ecs:eu-west-3:639716861848:cluster/docker-qa-cl-replica",
            "deployment_controller": [
              {
                "type": "ECS"
              }
            ],
            "deployment_maximum_percent": 200,
            "deployment_minimum_healthy_percent": 100,
            "desired_count": 1,
            "enable_ecs_managed_tags": false,
            "health_check_grace_period_seconds": 0,
            "iam_role": null,
            "id": "arn:aws:ecs:eu-west-3:639716861848:service/ratiomanager",
            "launch_type": "EC2",
            "load_balancer": [],
            "name": "ratiomanager",
            "network_configuration": [],
            "ordered_placement_strategy": [],
            "placement_constraints": [],
            "placement_strategy": [],
            "platform_version": "",
            "propagate_tags": "NONE",
            "scheduling_strategy": "REPLICA",
            "service_registries": [],
            "tags": {},
            "task_definition": "arn:aws:ecs:eu-west-3:639716861848:task-definition/ratiomanager-docker-qa:9"
          },
          "private": "bnVsbA==",
          "depends_on": [
            "aws_ecs_cluster.docker-QA-cl-rep",
            "aws_ecs_task_definition.ratiomanager-docker-qa"
          ]
        }
      ]
    },
    {
      "mode": "managed",
      "type": "aws_ecs_service",
      "name": "referral",
      "provider": "provider.aws",
      "instances": [
        {
          "schema_version": 0,
          "attributes": {
            "cluster": "arn:aws:ecs:eu-west-3:639716861848:cluster/docker-qa-cl-replica",
            "deployment_controller": [
              {
                "type": "ECS"
              }
            ],
            "deployment_maximum_percent": 200,
            "deployment_minimum_healthy_percent": 100,
            "desired_count": 1,
            "enable_ecs_managed_tags": false,
            "health_check_grace_period_seconds": 0,
            "iam_role": null,
            "id": "arn:aws:ecs:eu-west-3:639716861848:service/referral",
            "launch_type": "EC2",
            "load_balancer": [],
            "name": "referral",
            "network_configuration": [],
            "ordered_placement_strategy": [],
            "placement_constraints": [],
            "placement_strategy": [],
            "platform_version": "",
            "propagate_tags": "NONE",
            "scheduling_strategy": "REPLICA",
            "service_registries": [],
            "tags": {},
            "task_definition": "arn:aws:ecs:eu-west-3:639716861848:task-definition/referral-docker-qa:9"
          },
          "private": "bnVsbA==",
          "depends_on": [
            "aws_ecs_cluster.docker-QA-cl-rep",
            "aws_ecs_task_definition.referral-docker-qa"
          ]
        }
      ]
    },
    {
      "mode": "managed",
      "type": "aws_ecs_service",
      "name": "rewards",
      "provider": "provider.aws",
      "instances": [
        {
          "schema_version": 0,
          "attributes": {
            "cluster": "arn:aws:ecs:eu-west-3:639716861848:cluster/docker-qa-cl-replica",
            "deployment_controller": [
              {
                "type": "ECS"
              }
            ],
            "deployment_maximum_percent": 200,
            "deployment_minimum_healthy_percent": 100,
            "desired_count": 1,
            "enable_ecs_managed_tags": false,
            "health_check_grace_period_seconds": 0,
            "iam_role": null,
            "id": "arn:aws:ecs:eu-west-3:639716861848:service/rewards",
            "launch_type": "EC2",
            "load_balancer": [],
            "name": "rewards",
            "network_configuration": [],
            "ordered_placement_strategy": [],
            "placement_constraints": [],
            "placement_strategy": [],
            "platform_version": "",
            "propagate_tags": "NONE",
            "scheduling_strategy": "REPLICA",
            "service_registries": [],
            "tags": {},
            "task_definition": "arn:aws:ecs:eu-west-3:639716861848:task-definition/rewards-docker-qa:9"
          },
          "private": "bnVsbA==",
          "depends_on": [
            "aws_ecs_cluster.docker-QA-cl-rep",
            "aws_ecs_task_definition.rewards-docker-qa"
          ]
        }
      ]
    },
    {
      "mode": "managed",
      "type": "aws_ecs_service",
      "name": "scheduler",
      "provider": "provider.aws",
      "instances": [
        {
          "schema_version": 0,
          "attributes": {
            "cluster": "arn:aws:ecs:eu-west-3:639716861848:cluster/docker-qa-cl-replica",
            "deployment_controller": [
              {
                "type": "ECS"
              }
            ],
            "deployment_maximum_percent": 200,
            "deployment_minimum_healthy_percent": 100,
            "desired_count": 1,
            "enable_ecs_managed_tags": false,
            "health_check_grace_period_seconds": 0,
            "iam_role": null,
            "id": "arn:aws:ecs:eu-west-3:639716861848:service/scheduler",
            "launch_type": "EC2",
            "load_balancer": [],
            "name": "scheduler",
            "network_configuration": [],
            "ordered_placement_strategy": [],
            "placement_constraints": [],
            "placement_strategy": [],
            "platform_version": "",
            "propagate_tags": "NONE",
            "scheduling_strategy": "REPLICA",
            "service_registries": [],
            "tags": {},
            "task_definition": "arn:aws:ecs:eu-west-3:639716861848:task-definition/scheduler-docker-qa:9"
          },
          "private": "bnVsbA==",
          "depends_on": [
            "aws_ecs_cluster.docker-QA-cl-rep",
            "aws_ecs_task_definition.scheduler-docker-qa"
          ]
        }
      ]
    },
    {
      "mode": "managed",
      "type": "aws_ecs_service",
      "name": "sms",
      "provider": "provider.aws",
      "instances": [
        {
          "schema_version": 0,
          "attributes": {
            "cluster": "arn:aws:ecs:eu-west-3:639716861848:cluster/docker-qa-cl-replica",
            "deployment_controller": [
              {
                "type": "ECS"
              }
            ],
            "deployment_maximum_percent": 200,
            "deployment_minimum_healthy_percent": 100,
            "desired_count": 1,
            "enable_ecs_managed_tags": false,
            "health_check_grace_period_seconds": 0,
            "iam_role": null,
            "id": "arn:aws:ecs:eu-west-3:639716861848:service/sms",
            "launch_type": "EC2",
            "load_balancer": [],
            "name": "sms",
            "network_configuration": [],
            "ordered_placement_strategy": [],
            "placement_constraints": [],
            "placement_strategy": [],
            "platform_version": "",
            "propagate_tags": "NONE",
            "scheduling_strategy": "REPLICA",
            "service_registries": [],
            "tags": {},
            "task_definition": "arn:aws:ecs:eu-west-3:639716861848:task-definition/sms-docker-qa:9"
          },
          "private": "bnVsbA==",
          "depends_on": [
            "aws_ecs_cluster.docker-QA-cl-rep",
            "aws_ecs_task_definition.sms-docker-qa"
          ]
        }
      ]
    },
    {
      "mode": "managed",
      "type": "aws_ecs_service",
      "name": "txreports",
      "provider": "provider.aws",
      "instances": [
        {
          "schema_version": 0,
          "attributes": {
            "cluster": "arn:aws:ecs:eu-west-3:639716861848:cluster/docker-qa-cl-replica",
            "deployment_controller": [
              {
                "type": "ECS"
              }
            ],
            "deployment_maximum_percent": 200,
            "deployment_minimum_healthy_percent": 100,
            "desired_count": 1,
            "enable_ecs_managed_tags": false,
            "health_check_grace_period_seconds": 0,
            "iam_role": null,
            "id": "arn:aws:ecs:eu-west-3:639716861848:service/txreports",
            "launch_type": "EC2",
            "load_balancer": [],
            "name": "txreports",
            "network_configuration": [],
            "ordered_placement_strategy": [],
            "placement_constraints": [],
            "placement_strategy": [],
            "platform_version": "",
            "propagate_tags": "NONE",
            "scheduling_strategy": "REPLICA",
            "service_registries": [],
            "tags": {},
            "task_definition": "arn:aws:ecs:eu-west-3:639716861848:task-definition/txreports-docker-qa:9"
          },
          "private": "bnVsbA==",
          "depends_on": [
            "aws_ecs_cluster.docker-QA-cl-rep",
            "aws_ecs_task_definition.txreports-docker-qa"
          ]
        }
      ]
    },
    {
      "mode": "managed",
      "type": "aws_ecs_service",
      "name": "user-management",
      "provider": "provider.aws",
      "instances": [
        {
          "schema_version": 0,
          "attributes": {
            "cluster": "arn:aws:ecs:eu-west-3:639716861848:cluster/docker-qa-cl-replica",
            "deployment_controller": [
              {
                "type": "ECS"
              }
            ],
            "deployment_maximum_percent": 200,
            "deployment_minimum_healthy_percent": 100,
            "desired_count": 0,
            "enable_ecs_managed_tags": false,
            "health_check_grace_period_seconds": 0,
            "iam_role": null,
            "id": "arn:aws:ecs:eu-west-3:639716861848:service/user-management",
            "launch_type": "EC2",
            "load_balancer": [],
            "name": "user-management",
            "network_configuration": [],
            "ordered_placement_strategy": [],
            "placement_constraints": [],
            "placement_strategy": [],
            "platform_version": "",
            "propagate_tags": "NONE",
            "scheduling_strategy": "REPLICA",
            "service_registries": [],
            "tags": {},
            "task_definition": "arn:aws:ecs:eu-west-3:639716861848:task-definition/user-management-docker-qa:9"
          },
          "private": "bnVsbA==",
          "depends_on": [
            "aws_ecs_cluster.docker-QA-cl-rep",
            "aws_ecs_task_definition.user-management-docker-qa"
          ]
        }
      ]
    },
    {
      "mode": "managed",
      "type": "aws_ecs_service",
      "name": "withdrawal",
      "provider": "provider.aws",
      "instances": [
        {
          "schema_version": 0,
          "attributes": {
            "cluster": "arn:aws:ecs:eu-west-3:639716861848:cluster/docker-qa-cl-replica",
            "deployment_controller": [
              {
                "type": "ECS"
              }
            ],
            "deployment_maximum_percent": 200,
            "deployment_minimum_healthy_percent": 100,
            "desired_count": 1,
            "enable_ecs_managed_tags": false,
            "health_check_grace_period_seconds": 0,
            "iam_role": null,
            "id": "arn:aws:ecs:eu-west-3:639716861848:service/withdrawal",
            "launch_type": "EC2",
            "load_balancer": [],
            "name": "withdrawal",
            "network_configuration": [],
            "ordered_placement_strategy": [],
            "placement_constraints": [],
            "placement_strategy": [],
            "platform_version": "",
            "propagate_tags": "NONE",
            "scheduling_strategy": "REPLICA",
            "service_registries": [],
            "tags": {},
            "task_definition": "arn:aws:ecs:eu-west-3:639716861848:task-definition/withdrawal-docker-qa:9"
          },
          "private": "bnVsbA==",
          "depends_on": [
            "aws_ecs_cluster.docker-QA-cl-rep",
            "aws_ecs_task_definition.withdrawal-docker-qa"
          ]
        }
      ]
    },
    {
      "mode": "managed",
      "type": "aws_ecs_task_definition",
      "name": "billing-docker-qa",
      "provider": "provider.aws",
      "instances": [
        {
          "schema_version": 1,
          "attributes": {
            "arn": "arn:aws:ecs:eu-west-3:639716861848:task-definition/billing-docker-qa:10",
            "container_definitions": "[{\"command\":[\"npm\",\"start\"],\"cpu\":0,\"dockerLabels\":{\"app-name\":\"billing\"},\"environment\":[{\"name\":\"ENV\",\"value\":\"QA\"},{\"name\":\"APPLICATION_NAME\",\"value\":\"COLU-BILLING\"}],\"essential\":true,\"healthCheck\":{\"command\":[\"CMD-SHELL\",\"curl -f http://localhost:8080/brokertest || exit 1\"],\"interval\":30,\"retries\":3,\"startPeriod\":30,\"timeout\":5},\"image\":\"639716861848.dkr.ecr.eu-west-1.amazonaws.com/billing:commitid-ce1b694\",\"logConfiguration\":{\"logDriver\":\"awslogs\",\"options\":{\"awslogs-create-group\":\"true\",\"awslogs-group\":\"/ecs/billing-docker-qa\",\"awslogs-region\":\"eu-west-3\"}},\"memory\":256,\"mountPoints\":[],\"name\":\"billing\",\"portMappings\":[{\"containerPort\":8080,\"hostPort\":0,\"protocol\":\"tcp\"}],\"volumesFrom\":[]}]",
            "cpu": "",
            "execution_role_arn": "arn:aws:iam::639716861848:role/AmazonElasticContainerServiceTaskRole",
            "family": "billing-docker-qa",
            "id": "billing-docker-qa",
            "ipc_mode": null,
            "memory": "",
            "network_mode": "bridge",
            "pid_mode": null,
            "placement_constraints": [],
            "proxy_configuration": [],
            "requires_compatibilities": [
              "EC2"
            ],
            "revision": 10,
            "tags": {},
            "task_role_arn": "arn:aws:iam::639716861848:role/AmazonElasticContainerServiceTaskRole",
            "volume": [
              {
                "docker_volume_configuration": [],
                "host_path": "/ecs/billing-docker-qa",
                "name": "billing-docker-qa"
              }
            ]
          },
          "private": "eyJzY2hlbWFfdmVyc2lvbiI6IjEifQ=="
        }
      ]
    },
    {
      "mode": "managed",
      "type": "aws_ecs_task_definition",
      "name": "campaigns-docker-qa",
      "provider": "provider.aws",
      "instances": [
        {
          "schema_version": 1,
          "attributes": {
            "arn": "arn:aws:ecs:eu-west-3:639716861848:task-definition/campaigns-docker-qa:9",
            "container_definitions": "[{\"command\":[\"npm\",\"start\"],\"cpu\":0,\"dockerLabels\":{\"app-name\":\"campaigns\"},\"environment\":[{\"name\":\"ENV\",\"value\":\"QA\"},{\"name\":\"APPLICATION_NAME\",\"value\":\"COLU-CAMPAIGNS\"}],\"essential\":true,\"healthCheck\":{\"command\":[\"CMD-SHELL\",\"curl -f http://localhost:8080/brokertest || exit 1\"],\"interval\":30,\"retries\":3,\"startPeriod\":30,\"timeout\":5},\"image\":\"639716861848.dkr.ecr.eu-west-1.amazonaws.com/campaigns:commitid-5f1d00f\",\"logConfiguration\":{\"logDriver\":\"awslogs\",\"options\":{\"awslogs-create-group\":\"true\",\"awslogs-group\":\"/ecs/campaigns-docker-qa\",\"awslogs-region\":\"eu-west-3\"}},\"memory\":256,\"mountPoints\":[],\"name\":\"campaigns\",\"portMappings\":[{\"containerPort\":8080,\"hostPort\":0,\"protocol\":\"tcp\"}],\"volumesFrom\":[]}]",
            "cpu": "",
            "execution_role_arn": "arn:aws:iam::639716861848:role/AmazonElasticContainerServiceTaskRole",
            "family": "campaigns-docker-qa",
            "id": "campaigns-docker-qa",
            "ipc_mode": null,
            "memory": "",
            "network_mode": "bridge",
            "pid_mode": null,
            "placement_constraints": [],
            "proxy_configuration": [],
            "requires_compatibilities": [
              "EC2"
            ],
            "revision": 9,
            "tags": {},
            "task_role_arn": "arn:aws:iam::639716861848:role/AmazonElasticContainerServiceTaskRole",
            "volume": [
              {
                "docker_volume_configuration": [],
                "host_path": "/ecs/campaigns-docker-qa",
                "name": "campaigns-docker-qa"
              }
            ]
          },
          "private": "eyJzY2hlbWFfdmVyc2lvbiI6IjEifQ=="
        }
      ]
    },
    {
      "mode": "managed",
      "type": "aws_ecs_task_definition",
      "name": "cashback-docker-qa",
      "provider": "provider.aws",
      "instances": [
        {
          "schema_version": 1,
          "attributes": {
            "arn": "arn:aws:ecs:eu-west-3:639716861848:task-definition/cashback-docker-qa:8",
            "container_definitions": "[{\"command\":[\"npm\",\"start\"],\"cpu\":0,\"dockerLabels\":{\"app-name\":\"cashback\"},\"environment\":[{\"name\":\"ENV\",\"value\":\"QA\"},{\"name\":\"APPLICATION_NAME\",\"value\":\"COLU-CASHBACK\"}],\"essential\":true,\"healthCheck\":{\"command\":[\"CMD-SHELL\",\"curl -f http://localhost:8080/brokertest || exit 1\"],\"interval\":30,\"retries\":3,\"startPeriod\":30,\"timeout\":5},\"image\":\"639716861848.dkr.ecr.eu-west-1.amazonaws.com/cashback:commitid-4697193\",\"logConfiguration\":{\"logDriver\":\"awslogs\",\"options\":{\"awslogs-create-group\":\"true\",\"awslogs-group\":\"/ecs/cashback-docker-qa\",\"awslogs-region\":\"eu-west-3\"}},\"memory\":256,\"mountPoints\":[],\"name\":\"cashback\",\"portMappings\":[{\"containerPort\":8080,\"hostPort\":0,\"protocol\":\"tcp\"}],\"volumesFrom\":[]}]",
            "cpu": "",
            "execution_role_arn": "arn:aws:iam::639716861848:role/AmazonElasticContainerServiceTaskRole",
            "family": "cashback-docker-qa",
            "id": "cashback-docker-qa",
            "ipc_mode": null,
            "memory": "",
            "network_mode": "bridge",
            "pid_mode": null,
            "placement_constraints": [],
            "proxy_configuration": [],
            "requires_compatibilities": [
              "EC2"
            ],
            "revision": 8,
            "tags": {},
            "task_role_arn": "arn:aws:iam::639716861848:role/AmazonElasticContainerServiceTaskRole",
            "volume": [
              {
                "docker_volume_configuration": [],
                "host_path": "/ecs/cashback-docker-qa",
                "name": "cashback-docker-qa"
              }
            ]
          },
          "private": "eyJzY2hlbWFfdmVyc2lvbiI6IjEifQ=="
        }
      ]
    },
    {
      "mode": "managed",
      "type": "aws_ecs_task_definition",
      "name": "community-docker-qa",
      "provider": "provider.aws",
      "instances": [
        {
          "schema_version": 1,
          "attributes": {
            "arn": "arn:aws:ecs:eu-west-3:639716861848:task-definition/community-docker-qa:9",
            "container_definitions": "[{\"command\":[\"npm\",\"start\"],\"cpu\":512,\"dockerLabels\":{\"app-name\":\"community\"},\"environment\":[{\"name\":\"ALLOW_ADMIN_PANEL\",\"value\":\"true\"},{\"name\":\"LOAD_MQ\",\"value\":\"true\"},{\"name\":\"USE_MQ\",\"value\":\"true\"},{\"name\":\"ENV_PROPERTIES\",\"value\":\"QA\"},{\"name\":\"MOLECULER_LOAD\",\"value\":\"true\"},{\"name\":\"CFG_USE_MQ\",\"value\":\"true\"},{\"name\":\"CCS_USE_MQ\",\"value\":\"true\"},{\"name\":\"ENV\",\"value\":\"QA\"},{\"name\":\"APPLICATION_NAME\",\"value\":\"Community\"}],\"essential\":true,\"healthCheck\":{\"command\":[\"CMD-SHELL\",\"curl -f http://localhost:8888/is_running || exit 1\"],\"interval\":10,\"retries\":10,\"startPeriod\":0,\"timeout\":10},\"image\":\"639716861848.dkr.ecr.eu-west-1.amazonaws.com/community:commitid-ce1cc9b\",\"logConfiguration\":{\"logDriver\":\"awslogs\",\"options\":{\"awslogs-create-group\":\"true\",\"awslogs-group\":\"/ecs/community-docker-qa\",\"awslogs-region\":\"eu-west-3\"}},\"memory\":1024,\"mountPoints\":[],\"name\":\"community\",\"portMappings\":[{\"containerPort\":8888,\"hostPort\":0,\"protocol\":\"tcp\"}],\"volumesFrom\":[]}]",
            "cpu": "",
            "execution_role_arn": "arn:aws:iam::639716861848:role/AmazonElasticContainerServiceTaskRole",
            "family": "community-docker-qa",
            "id": "community-docker-qa",
            "ipc_mode": null,
            "memory": "",
            "network_mode": "bridge",
            "pid_mode": null,
            "placement_constraints": [],
            "proxy_configuration": [],
            "requires_compatibilities": [
              "EC2"
            ],
            "revision": 9,
            "tags": {},
            "task_role_arn": "arn:aws:iam::639716861848:role/AmazonElasticContainerServiceTaskRole",
            "volume": [
              {
                "docker_volume_configuration": [],
                "host_path": "/ecs/community-docker-qa",
                "name": "community-docker-qa"
              }
            ]
          },
          "private": "eyJzY2hlbWFfdmVyc2lvbiI6IjEifQ=="
        }
      ]
    },
    {
      "mode": "managed",
      "type": "aws_ecs_task_definition",
      "name": "earlybird-docker-qa",
      "provider": "provider.aws",
      "instances": [
        {
          "schema_version": 1,
          "attributes": {
            "arn": "arn:aws:ecs:eu-west-3:639716861848:task-definition/earlybird-docker-qa:9",
            "container_definitions": "[{\"command\":[\"npm\",\"start\"],\"cpu\":0,\"dockerLabels\":{\"app-name\":\"earlybird\"},\"environment\":[{\"name\":\"ENV\",\"value\":\"QA\"},{\"name\":\"APPLICATION_NAME\",\"value\":\"COLU-EARLYBIRD\"}],\"essential\":true,\"healthCheck\":{\"command\":[\"CMD-SHELL\",\"curl -f http://localhost:8080/brokertest || exit 1\"],\"interval\":30,\"retries\":3,\"startPeriod\":30,\"timeout\":5},\"image\":\"639716861848.dkr.ecr.eu-west-1.amazonaws.com/earlybird:commitid-36e924f\",\"logConfiguration\":{\"logDriver\":\"awslogs\",\"options\":{\"awslogs-create-group\":\"true\",\"awslogs-group\":\"/ecs/earlybird-docker-qa\",\"awslogs-region\":\"eu-west-3\"}},\"memory\":256,\"mountPoints\":[],\"name\":\"earlybird\",\"portMappings\":[{\"containerPort\":8080,\"hostPort\":0,\"protocol\":\"tcp\"}],\"volumesFrom\":[]}]",
            "cpu": "",
            "execution_role_arn": "arn:aws:iam::639716861848:role/AmazonElasticContainerServiceTaskRole",
            "family": "earlybird-docker-qa",
            "id": "earlybird-docker-qa",
            "ipc_mode": null,
            "memory": "",
            "network_mode": "bridge",
            "pid_mode": null,
            "placement_constraints": [],
            "proxy_configuration": [],
            "requires_compatibilities": [
              "EC2"
            ],
            "revision": 9,
            "tags": {},
            "task_role_arn": "arn:aws:iam::639716861848:role/AmazonElasticContainerServiceTaskRole",
            "volume": [
              {
                "docker_volume_configuration": [],
                "host_path": "/ecs/earlybird-docker-qa",
                "name": "earlybird-docker-qa"
              }
            ]
          },
          "private": "eyJzY2hlbWFfdmVyc2lvbiI6IjEifQ=="
        }
      ]
    },
    {
      "mode": "managed",
      "type": "aws_ecs_task_definition",
      "name": "googleplaces-docker-qa",
      "provider": "provider.aws",
      "instances": [
        {
          "schema_version": 1,
          "attributes": {
            "arn": "arn:aws:ecs:eu-west-3:639716861848:task-definition/googleplaces-docker-qa:9",
            "container_definitions": "[{\"command\":[\"npm\",\"start\"],\"cpu\":0,\"dockerLabels\":{\"app-name\":\"googleplaces\"},\"environment\":[{\"name\":\"ENV\",\"value\":\"QA\"},{\"name\":\"APPLICATION_NAME\",\"value\":\"colu-GooglePlaces\"}],\"essential\":true,\"healthCheck\":{\"command\":[\"CMD-SHELL\",\"curl -f http://localhost:8080/brokertest || exit 1\"],\"interval\":30,\"retries\":3,\"startPeriod\":30,\"timeout\":5},\"image\":\"639716861848.dkr.ecr.eu-west-1.amazonaws.com/googleplaces:commitid-5b1ee61\",\"logConfiguration\":{\"logDriver\":\"awslogs\",\"options\":{\"awslogs-create-group\":\"true\",\"awslogs-group\":\"/ecs/googleplaces-docker-qa\",\"awslogs-region\":\"eu-west-3\"}},\"memory\":256,\"mountPoints\":[],\"name\":\"googleplaces\",\"portMappings\":[{\"containerPort\":8080,\"hostPort\":0,\"protocol\":\"tcp\"}],\"volumesFrom\":[]}]",
            "cpu": "",
            "execution_role_arn": "arn:aws:iam::639716861848:role/AmazonElasticContainerServiceTaskRole",
            "family": "googleplaces-docker-qa",
            "id": "googleplaces-docker-qa",
            "ipc_mode": null,
            "memory": "",
            "network_mode": "bridge",
            "pid_mode": null,
            "placement_constraints": [],
            "proxy_configuration": [],
            "requires_compatibilities": [
              "EC2"
            ],
            "revision": 9,
            "tags": {},
            "task_role_arn": "arn:aws:iam::639716861848:role/AmazonElasticContainerServiceTaskRole",
            "volume": [
              {
                "docker_volume_configuration": [],
                "host_path": "/ecs/googleplaces-docker-qa",
                "name": "googleplaces-docker-qa"
              }
            ]
          },
          "private": "eyJzY2hlbWFfdmVyc2lvbiI6IjEifQ=="
        }
      ]
    },
    {
      "mode": "managed",
      "type": "aws_ecs_task_definition",
      "name": "kyc-docker-qa",
      "provider": "provider.aws",
      "instances": [
        {
          "schema_version": 1,
          "attributes": {
            "arn": "arn:aws:ecs:eu-west-3:639716861848:task-definition/kyc-docker-qa:9",
            "container_definitions": "[{\"command\":[\"npm\",\"start\"],\"cpu\":0,\"dockerLabels\":{\"app-name\":\"kyc\"},\"environment\":[{\"name\":\"ENV\",\"value\":\"QA\"},{\"name\":\"APPLICATION_NAME\",\"value\":\"KYC\"}],\"essential\":true,\"healthCheck\":{\"command\":[\"CMD-SHELL\",\"curl -f http://localhost:8080/brokertest || exit 1\"],\"interval\":30,\"retries\":3,\"startPeriod\":30,\"timeout\":5},\"image\":\"639716861848.dkr.ecr.eu-west-1.amazonaws.com/kyc:commitid-20d4f0f\",\"logConfiguration\":{\"logDriver\":\"awslogs\",\"options\":{\"awslogs-create-group\":\"true\",\"awslogs-group\":\"/ecs/kyc-docker-qa\",\"awslogs-region\":\"eu-west-3\"}},\"memory\":256,\"mountPoints\":[],\"name\":\"kyc\",\"portMappings\":[{\"containerPort\":8080,\"hostPort\":0,\"protocol\":\"tcp\"}],\"volumesFrom\":[]}]",
            "cpu": "",
            "execution_role_arn": "arn:aws:iam::639716861848:role/AmazonElasticContainerServiceTaskRole",
            "family": "kyc-docker-qa",
            "id": "kyc-docker-qa",
            "ipc_mode": null,
            "memory": "",
            "network_mode": "bridge",
            "pid_mode": null,
            "placement_constraints": [],
            "proxy_configuration": [],
            "requires_compatibilities": [
              "EC2"
            ],
            "revision": 9,
            "tags": {},
            "task_role_arn": "arn:aws:iam::639716861848:role/AmazonElasticContainerServiceTaskRole",
            "volume": [
              {
                "docker_volume_configuration": [],
                "host_path": "/ecs/kyc-docker-qa",
                "name": "kyc-docker-qa"
              }
            ]
          },
          "private": "eyJzY2hlbWFfdmVyc2lvbiI6IjEifQ=="
        }
      ]
    },
    {
      "mode": "managed",
      "type": "aws_ecs_task_definition",
      "name": "mailer-docker-qa",
      "provider": "provider.aws",
      "instances": [
        {
          "schema_version": 1,
          "attributes": {
            "arn": "arn:aws:ecs:eu-west-3:639716861848:task-definition/mailer-docker-qa:9",
            "container_definitions": "[{\"command\":[\"npm\",\"start\"],\"cpu\":0,\"dockerLabels\":{\"app-name\":\"mailer-moleculer\"},\"environment\":[{\"name\":\"ENV\",\"value\":\"QA\"},{\"name\":\"APPLICATION_NAME\",\"value\":\"MOLECULER_MAILER\"}],\"essential\":true,\"healthCheck\":{\"command\":[\"CMD-SHELL\",\"curl -f http://localhost:8080/brokertest || exit 1\"],\"interval\":30,\"retries\":3,\"startPeriod\":30,\"timeout\":5},\"image\":\"639716861848.dkr.ecr.eu-west-1.amazonaws.com/mailer-moleculer:commitid-26a2357\",\"logConfiguration\":{\"logDriver\":\"awslogs\",\"options\":{\"awslogs-create-group\":\"true\",\"awslogs-group\":\"/ecs/mailer-docker-qa\",\"awslogs-region\":\"eu-west-3\"}},\"memory\":256,\"mountPoints\":[],\"name\":\"mailer\",\"portMappings\":[{\"containerPort\":8080,\"hostPort\":0,\"protocol\":\"tcp\"}],\"volumesFrom\":[]}]",
            "cpu": "",
            "execution_role_arn": "arn:aws:iam::639716861848:role/AmazonElasticContainerServiceTaskRole",
            "family": "mailer-docker-qa",
            "id": "mailer-docker-qa",
            "ipc_mode": null,
            "memory": "",
            "network_mode": "bridge",
            "pid_mode": null,
            "placement_constraints": [],
            "proxy_configuration": [],
            "requires_compatibilities": [
              "EC2"
            ],
            "revision": 9,
            "tags": {},
            "task_role_arn": "arn:aws:iam::639716861848:role/AmazonElasticContainerServiceTaskRole",
            "volume": [
              {
                "docker_volume_configuration": [],
                "host_path": "/ecs/mailer-docker-qa",
                "name": "mailer-docker-qa"
              }
            ]
          },
          "private": "eyJzY2hlbWFfdmVyc2lvbiI6IjEifQ=="
        }
      ]
    },
    {
      "mode": "managed",
      "type": "aws_ecs_task_definition",
      "name": "messaging-docker-qa",
      "provider": "provider.aws",
      "instances": [
        {
          "schema_version": 1,
          "attributes": {
            "arn": "arn:aws:ecs:eu-west-3:639716861848:task-definition/messaging-docker-qa:9",
            "container_definitions": "[{\"command\":[\"npm\",\"start\"],\"cpu\":0,\"dockerLabels\":{\"app-name\":\"messaging\"},\"environment\":[{\"name\":\"ENV\",\"value\":\"QA\"},{\"name\":\"APPLICATION_NAME\",\"value\":\"colu-messaging\"}],\"essential\":true,\"healthCheck\":{\"command\":[\"CMD-SHELL\",\"curl -f http://localhost:8080/brokertest || exit 1\"],\"interval\":30,\"retries\":3,\"startPeriod\":30,\"timeout\":5},\"image\":\"639716861848.dkr.ecr.eu-west-1.amazonaws.com/messaging:commitid-12c3723\",\"logConfiguration\":{\"logDriver\":\"awslogs\",\"options\":{\"awslogs-create-group\":\"true\",\"awslogs-group\":\"/ecs/messaging-docker-qa\",\"awslogs-region\":\"eu-west-3\"}},\"memory\":256,\"mountPoints\":[],\"name\":\"messaging\",\"portMappings\":[{\"containerPort\":8080,\"hostPort\":0,\"protocol\":\"tcp\"}],\"volumesFrom\":[]}]",
            "cpu": "",
            "execution_role_arn": "arn:aws:iam::639716861848:role/AmazonElasticContainerServiceTaskRole",
            "family": "messaging-docker-qa",
            "id": "messaging-docker-qa",
            "ipc_mode": null,
            "memory": "",
            "network_mode": "bridge",
            "pid_mode": null,
            "placement_constraints": [],
            "proxy_configuration": [],
            "requires_compatibilities": [
              "EC2"
            ],
            "revision": 9,
            "tags": {},
            "task_role_arn": "arn:aws:iam::639716861848:role/AmazonElasticContainerServiceTaskRole",
            "volume": [
              {
                "docker_volume_configuration": [],
                "host_path": "/ecs/messaging-docker-qa",
                "name": "messaging-docker-qa"
              }
            ]
          },
          "private": "eyJzY2hlbWFfdmVyc2lvbiI6IjEifQ=="
        }
      ]
    },
    {
      "mode": "managed",
      "type": "aws_ecs_task_definition",
      "name": "moleculer-user-management-docker-qa",
      "provider": "provider.aws",
      "instances": [
        {
          "schema_version": 1,
          "attributes": {
            "arn": "arn:aws:ecs:eu-west-3:639716861848:task-definition/moleculer-user-management-docker-qa:9",
            "container_definitions": "[{\"command\":[\"npm\",\"start\"],\"cpu\":0,\"dockerLabels\":{\"app-name\":\"moleculer-user-management\"},\"environment\":[{\"name\":\"ENV\",\"value\":\"QA\"},{\"name\":\"APPLICATION_NAME\",\"value\":\"MOLECULER_USM\"}],\"essential\":true,\"healthCheck\":{\"command\":[\"CMD-SHELL\",\"curl -f http://localhost:8080/brokertest || exit 1\"],\"interval\":30,\"retries\":3,\"startPeriod\":30,\"timeout\":5},\"image\":\"639716861848.dkr.ecr.eu-west-1.amazonaws.com/moleculer-user-management:commitid-9abefbf\",\"logConfiguration\":{\"logDriver\":\"awslogs\",\"options\":{\"awslogs-create-group\":\"true\",\"awslogs-group\":\"/ecs/moleculer-user-management-docker-qa\",\"awslogs-region\":\"eu-west-3\"}},\"memory\":256,\"mountPoints\":[],\"name\":\"moleculer-user-management\",\"portMappings\":[{\"containerPort\":8080,\"hostPort\":0,\"protocol\":\"tcp\"}],\"volumesFrom\":[]}]",
            "cpu": "",
            "execution_role_arn": "arn:aws:iam::639716861848:role/AmazonElasticContainerServiceTaskRole",
            "family": "moleculer-user-management-docker-qa",
            "id": "moleculer-user-management-docker-qa",
            "ipc_mode": null,
            "memory": "",
            "network_mode": "bridge",
            "pid_mode": null,
            "placement_constraints": [],
            "proxy_configuration": [],
            "requires_compatibilities": [
              "EC2"
            ],
            "revision": 9,
            "tags": {},
            "task_role_arn": "arn:aws:iam::639716861848:role/AmazonElasticContainerServiceTaskRole",
            "volume": [
              {
                "docker_volume_configuration": [],
                "host_path": "/ecs/moleculer-user-management-docker-qa",
                "name": "moleculer-user-management-docker-qa"
              }
            ]
          },
          "private": "eyJzY2hlbWFfdmVyc2lvbiI6IjEifQ=="
        }
      ]
    },
    {
      "mode": "managed",
      "type": "aws_ecs_task_definition",
      "name": "notification-docker-qa",
      "provider": "provider.aws",
      "instances": [
        {
          "schema_version": 1,
          "attributes": {
            "arn": "arn:aws:ecs:eu-west-3:639716861848:task-definition/notification-docker-qa:9",
            "container_definitions": "[{\"command\":[\"npm\",\"start\"],\"cpu\":0,\"dockerLabels\":{\"app-name\":\"notification\"},\"environment\":[{\"name\":\"ENV\",\"value\":\"QA\"},{\"name\":\"APPLICATION_NAME\",\"value\":\"NOTIFIER\"}],\"essential\":true,\"healthCheck\":{\"command\":[\"CMD-SHELL\",\"curl -f http://localhost:8080/brokertest || exit 1\"],\"interval\":30,\"retries\":3,\"startPeriod\":30,\"timeout\":5},\"image\":\"639716861848.dkr.ecr.eu-west-1.amazonaws.com/notification:commitid-7fcb1bd\",\"logConfiguration\":{\"logDriver\":\"awslogs\",\"options\":{\"awslogs-create-group\":\"true\",\"awslogs-group\":\"/ecs/notification-docker-qa\",\"awslogs-region\":\"eu-west-3\"}},\"memory\":256,\"mountPoints\":[],\"name\":\"notification\",\"portMappings\":[{\"containerPort\":8080,\"hostPort\":0,\"protocol\":\"tcp\"}],\"volumesFrom\":[]}]",
            "cpu": "",
            "execution_role_arn": "arn:aws:iam::639716861848:role/AmazonElasticContainerServiceTaskRole",
            "family": "notification-docker-qa",
            "id": "notification-docker-qa",
            "ipc_mode": null,
            "memory": "",
            "network_mode": "bridge",
            "pid_mode": null,
            "placement_constraints": [],
            "proxy_configuration": [],
            "requires_compatibilities": [
              "EC2"
            ],
            "revision": 9,
            "tags": {},
            "task_role_arn": "arn:aws:iam::639716861848:role/AmazonElasticContainerServiceTaskRole",
            "volume": [
              {
                "docker_volume_configuration": [],
                "host_path": "/ecs/notification-docker-qa",
                "name": "notification-docker-qa"
              }
            ]
          },
          "private": "eyJzY2hlbWFfdmVyc2lvbiI6IjEifQ=="
        }
      ]
    },
    {
      "mode": "managed",
      "type": "aws_ecs_task_definition",
      "name": "paywithcc-docker-qa",
      "provider": "provider.aws",
      "instances": [
        {
          "schema_version": 1,
          "attributes": {
            "arn": "arn:aws:ecs:eu-west-3:639716861848:task-definition/paywithcc-docker-qa:9",
            "container_definitions": "[{\"command\":[\"npm\",\"start\"],\"cpu\":0,\"dockerLabels\":{\"app-name\":\"paywithcc\"},\"environment\":[{\"name\":\"ENV\",\"value\":\"QA\"},{\"name\":\"APPLICATION_NAME\",\"value\":\"PAYFIATWITHCC\"}],\"essential\":true,\"healthCheck\":{\"command\":[\"CMD-SHELL\",\"curl -f http://localhost:8080/brokertest || exit 1\"],\"interval\":30,\"retries\":3,\"startPeriod\":30,\"timeout\":5},\"image\":\"639716861848.dkr.ecr.eu-west-1.amazonaws.com/paywithcc:commitid-78f08ef\",\"logConfiguration\":{\"logDriver\":\"awslogs\",\"options\":{\"awslogs-create-group\":\"true\",\"awslogs-group\":\"/ecs/paywithcc-docker-qa\",\"awslogs-region\":\"eu-west-3\"}},\"memory\":256,\"mountPoints\":[],\"name\":\"paywithcc\",\"portMappings\":[{\"containerPort\":8080,\"hostPort\":0,\"protocol\":\"tcp\"}],\"volumesFrom\":[]}]",
            "cpu": "",
            "execution_role_arn": "arn:aws:iam::639716861848:role/AmazonElasticContainerServiceTaskRole",
            "family": "paywithcc-docker-qa",
            "id": "paywithcc-docker-qa",
            "ipc_mode": null,
            "memory": "",
            "network_mode": "bridge",
            "pid_mode": null,
            "placement_constraints": [],
            "proxy_configuration": [],
            "requires_compatibilities": [
              "EC2"
            ],
            "revision": 9,
            "tags": {},
            "task_role_arn": "arn:aws:iam::639716861848:role/AmazonElasticContainerServiceTaskRole",
            "volume": [
              {
                "docker_volume_configuration": [],
                "host_path": "/ecs/paywithcc-docker-qa",
                "name": "paywithcc-docker-qa"
              }
            ]
          },
          "private": "eyJzY2hlbWFfdmVyc2lvbiI6IjEifQ=="
        }
      ]
    },
    {
      "mode": "managed",
      "type": "aws_ecs_task_definition",
      "name": "ratiomanager-docker-qa",
      "provider": "provider.aws",
      "instances": [
        {
          "schema_version": 1,
          "attributes": {
            "arn": "arn:aws:ecs:eu-west-3:639716861848:task-definition/ratiomanager-docker-qa:9",
            "container_definitions": "[{\"command\":[\"npm\",\"start\"],\"cpu\":0,\"dockerLabels\":{\"app-name\":\"ratiomanager\"},\"environment\":[{\"name\":\"ENV\",\"value\":\"QA\"},{\"name\":\"APPLICATION_NAME\",\"value\":\"COLU-RATIOMANAGER\"}],\"essential\":true,\"healthCheck\":{\"command\":[\"CMD-SHELL\",\"curl -f http://localhost:8080/brokertest || exit 1\"],\"interval\":30,\"retries\":3,\"startPeriod\":30,\"timeout\":5},\"image\":\"639716861848.dkr.ecr.eu-west-1.amazonaws.com/ratiomanager:commitid-d620ee8\",\"logConfiguration\":{\"logDriver\":\"awslogs\",\"options\":{\"awslogs-create-group\":\"true\",\"awslogs-group\":\"/ecs/ratiomanager-docker-qa\",\"awslogs-region\":\"eu-west-3\"}},\"memory\":256,\"mountPoints\":[],\"name\":\"ratiomanager\",\"portMappings\":[{\"containerPort\":8080,\"hostPort\":0,\"protocol\":\"tcp\"}],\"volumesFrom\":[]}]",
            "cpu": "",
            "execution_role_arn": "arn:aws:iam::639716861848:role/AmazonElasticContainerServiceTaskRole",
            "family": "ratiomanager-docker-qa",
            "id": "ratiomanager-docker-qa",
            "ipc_mode": null,
            "memory": "",
            "network_mode": "bridge",
            "pid_mode": null,
            "placement_constraints": [],
            "proxy_configuration": [],
            "requires_compatibilities": [
              "EC2"
            ],
            "revision": 9,
            "tags": {},
            "task_role_arn": "arn:aws:iam::639716861848:role/AmazonElasticContainerServiceTaskRole",
            "volume": [
              {
                "docker_volume_configuration": [],
                "host_path": "/ecs/ratiomanager-docker-qa",
                "name": "ratiomanager-docker-qa"
              }
            ]
          },
          "private": "eyJzY2hlbWFfdmVyc2lvbiI6IjEifQ=="
        }
      ]
    },
    {
      "mode": "managed",
      "type": "aws_ecs_task_definition",
      "name": "referral-docker-qa",
      "provider": "provider.aws",
      "instances": [
        {
          "schema_version": 1,
          "attributes": {
            "arn": "arn:aws:ecs:eu-west-3:639716861848:task-definition/referral-docker-qa:9",
            "container_definitions": "[{\"command\":[\"npm\",\"start\"],\"cpu\":0,\"dockerLabels\":{\"app-name\":\"referral\"},\"environment\":[{\"name\":\"ENV\",\"value\":\"QA\"},{\"name\":\"APPLICATION_NAME\",\"value\":\"COLU-REFERRAL\"}],\"essential\":true,\"healthCheck\":{\"command\":[\"CMD-SHELL\",\"curl -f http://localhost:8080/brokertest || exit 1\"],\"interval\":30,\"retries\":3,\"startPeriod\":30,\"timeout\":5},\"image\":\"639716861848.dkr.ecr.eu-west-1.amazonaws.com/referral:commitid-5145b59\",\"logConfiguration\":{\"logDriver\":\"awslogs\",\"options\":{\"awslogs-create-group\":\"true\",\"awslogs-group\":\"/ecs/referral-docker-qa\",\"awslogs-region\":\"eu-west-3\"}},\"memory\":256,\"mountPoints\":[],\"name\":\"referral\",\"portMappings\":[{\"containerPort\":8080,\"hostPort\":0,\"protocol\":\"tcp\"}],\"volumesFrom\":[]}]",
            "cpu": "",
            "execution_role_arn": "arn:aws:iam::639716861848:role/AmazonElasticContainerServiceTaskRole",
            "family": "referral-docker-qa",
            "id": "referral-docker-qa",
            "ipc_mode": null,
            "memory": "",
            "network_mode": "bridge",
            "pid_mode": null,
            "placement_constraints": [],
            "proxy_configuration": [],
            "requires_compatibilities": [
              "EC2"
            ],
            "revision": 9,
            "tags": {},
            "task_role_arn": "arn:aws:iam::639716861848:role/AmazonElasticContainerServiceTaskRole",
            "volume": [
              {
                "docker_volume_configuration": [],
                "host_path": "/ecs/referral-docker-qa",
                "name": "referral-docker-qa"
              }
            ]
          },
          "private": "eyJzY2hlbWFfdmVyc2lvbiI6IjEifQ=="
        }
      ]
    },
    {
      "mode": "managed",
      "type": "aws_ecs_task_definition",
      "name": "rewards-docker-qa",
      "provider": "provider.aws",
      "instances": [
        {
          "schema_version": 1,
          "attributes": {
            "arn": "arn:aws:ecs:eu-west-3:639716861848:task-definition/rewards-docker-qa:9",
            "container_definitions": "[{\"command\":[\"npm\",\"start\"],\"cpu\":0,\"dockerLabels\":{\"app-name\":\"rewards\"},\"environment\":[{\"name\":\"ENV\",\"value\":\"QA\"},{\"name\":\"APPLICATION_NAME\",\"value\":\"COLU-REWARDS\"}],\"essential\":true,\"healthCheck\":{\"command\":[\"CMD-SHELL\",\"curl -f http://localhost:8080/brokertest || exit 1\"],\"interval\":30,\"retries\":3,\"startPeriod\":30,\"timeout\":5},\"image\":\"639716861848.dkr.ecr.eu-west-1.amazonaws.com/rewards:ddb3423\",\"logConfiguration\":{\"logDriver\":\"awslogs\",\"options\":{\"awslogs-create-group\":\"true\",\"awslogs-group\":\"/ecs/rewards-docker-qa\",\"awslogs-region\":\"eu-west-3\"}},\"memory\":256,\"mountPoints\":[],\"name\":\"rewards\",\"portMappings\":[{\"containerPort\":8080,\"hostPort\":0,\"protocol\":\"tcp\"}],\"volumesFrom\":[]}]",
            "cpu": "",
            "execution_role_arn": "arn:aws:iam::639716861848:role/AmazonElasticContainerServiceTaskRole",
            "family": "rewards-docker-qa",
            "id": "rewards-docker-qa",
            "ipc_mode": null,
            "memory": "",
            "network_mode": "bridge",
            "pid_mode": null,
            "placement_constraints": [],
            "proxy_configuration": [],
            "requires_compatibilities": [
              "EC2"
            ],
            "revision": 9,
            "tags": {},
            "task_role_arn": "arn:aws:iam::639716861848:role/AmazonElasticContainerServiceTaskRole",
            "volume": [
              {
                "docker_volume_configuration": [],
                "host_path": "/ecs/rewards-docker-qa",
                "name": "rewards-docker-qa"
              }
            ]
          },
          "private": "eyJzY2hlbWFfdmVyc2lvbiI6IjEifQ=="
        }
      ]
    },
    {
      "mode": "managed",
      "type": "aws_ecs_task_definition",
      "name": "scheduler-docker-qa",
      "provider": "provider.aws",
      "instances": [
        {
          "schema_version": 1,
          "attributes": {
            "arn": "arn:aws:ecs:eu-west-3:639716861848:task-definition/scheduler-docker-qa:9",
            "container_definitions": "[{\"command\":[\"npm\",\"start\"],\"cpu\":0,\"dockerLabels\":{\"app-name\":\"scheduler\"},\"environment\":[{\"name\":\"ENV\",\"value\":\"QA\"},{\"name\":\"APPLICATION_NAME\",\"value\":\"COLU-SCHEDULER\"}],\"essential\":true,\"healthCheck\":{\"command\":[\"CMD-SHELL\",\"curl -f http://localhost:8080/brokertest || exit 1\"],\"interval\":30,\"retries\":3,\"startPeriod\":30,\"timeout\":5},\"image\":\"639716861848.dkr.ecr.eu-west-1.amazonaws.com/scheduler:commitid-d7a8f23\",\"logConfiguration\":{\"logDriver\":\"awslogs\",\"options\":{\"awslogs-create-group\":\"true\",\"awslogs-group\":\"/ecs/scheduler-docker-qa\",\"awslogs-region\":\"eu-west-3\"}},\"memory\":256,\"mountPoints\":[],\"name\":\"scheduler\",\"portMappings\":[{\"containerPort\":8080,\"hostPort\":0,\"protocol\":\"tcp\"}],\"volumesFrom\":[]}]",
            "cpu": "",
            "execution_role_arn": "arn:aws:iam::639716861848:role/AmazonElasticContainerServiceTaskRole",
            "family": "scheduler-docker-qa",
            "id": "scheduler-docker-qa",
            "ipc_mode": null,
            "memory": "",
            "network_mode": "bridge",
            "pid_mode": null,
            "placement_constraints": [],
            "proxy_configuration": [],
            "requires_compatibilities": [
              "EC2"
            ],
            "revision": 9,
            "tags": {},
            "task_role_arn": "arn:aws:iam::639716861848:role/AmazonElasticContainerServiceTaskRole",
            "volume": [
              {
                "docker_volume_configuration": [],
                "host_path": "/ecs/scheduler-docker-qa",
                "name": "scheduler-docker-qa"
              }
            ]
          },
          "private": "eyJzY2hlbWFfdmVyc2lvbiI6IjEifQ=="
        }
      ]
    },
    {
      "mode": "managed",
      "type": "aws_ecs_task_definition",
      "name": "sms-docker-qa",
      "provider": "provider.aws",
      "instances": [
        {
          "schema_version": 1,
          "attributes": {
            "arn": "arn:aws:ecs:eu-west-3:639716861848:task-definition/sms-docker-qa:9",
            "container_definitions": "[{\"command\":[\"npm\",\"start\"],\"cpu\":0,\"dockerLabels\":{\"app-name\":\"sms\"},\"environment\":[{\"name\":\"ENV\",\"value\":\"QA\"},{\"name\":\"APPLICATION_NAME\",\"value\":\"SMS\"}],\"essential\":true,\"healthCheck\":{\"command\":[\"CMD-SHELL\",\"curl -f http://localhost:8080/brokertest || exit 1\"],\"interval\":30,\"retries\":3,\"startPeriod\":30,\"timeout\":5},\"image\":\"639716861848.dkr.ecr.eu-west-1.amazonaws.com/sms:commitid-e4ca515\",\"logConfiguration\":{\"logDriver\":\"awslogs\",\"options\":{\"awslogs-create-group\":\"true\",\"awslogs-group\":\"/ecs/sms-docker-qa\",\"awslogs-region\":\"eu-west-3\"}},\"memory\":256,\"mountPoints\":[],\"name\":\"sms\",\"portMappings\":[{\"containerPort\":8080,\"hostPort\":0,\"protocol\":\"tcp\"}],\"volumesFrom\":[]}]",
            "cpu": "",
            "execution_role_arn": "arn:aws:iam::639716861848:role/AmazonElasticContainerServiceTaskRole",
            "family": "sms-docker-qa",
            "id": "sms-docker-qa",
            "ipc_mode": null,
            "memory": "",
            "network_mode": "bridge",
            "pid_mode": null,
            "placement_constraints": [],
            "proxy_configuration": [],
            "requires_compatibilities": [
              "EC2"
            ],
            "revision": 9,
            "tags": {},
            "task_role_arn": "arn:aws:iam::639716861848:role/AmazonElasticContainerServiceTaskRole",
            "volume": [
              {
                "docker_volume_configuration": [],
                "host_path": "/ecs/sms-docker-qa",
                "name": "sms-docker-qa"
              }
            ]
          },
          "private": "eyJzY2hlbWFfdmVyc2lvbiI6IjEifQ=="
        }
      ]
    },
    {
      "mode": "managed",
      "type": "aws_ecs_task_definition",
      "name": "txreports-docker-qa",
      "provider": "provider.aws",
      "instances": [
        {
          "schema_version": 1,
          "attributes": {
            "arn": "arn:aws:ecs:eu-west-3:639716861848:task-definition/txreports-docker-qa:9",
            "container_definitions": "[{\"command\":[\"npm\",\"start\"],\"cpu\":0,\"dockerLabels\":{\"app-name\":\"txreports\"},\"environment\":[{\"name\":\"ENV\",\"value\":\"QA\"},{\"name\":\"APPLICATION_NAME\",\"value\":\"COLU-TXREPORTS\"}],\"essential\":true,\"healthCheck\":{\"command\":[\"CMD-SHELL\",\"curl -f http://localhost:8080/brokertest || exit 1\"],\"interval\":30,\"retries\":3,\"startPeriod\":30,\"timeout\":5},\"image\":\"639716861848.dkr.ecr.eu-west-1.amazonaws.com/newtxreports:commitid-a4ef2d9\",\"logConfiguration\":{\"logDriver\":\"awslogs\",\"options\":{\"awslogs-create-group\":\"true\",\"awslogs-group\":\"/ecs/txreports-docker-qa\",\"awslogs-region\":\"eu-west-3\"}},\"memory\":256,\"mountPoints\":[],\"name\":\"txreports\",\"portMappings\":[{\"containerPort\":8080,\"hostPort\":0,\"protocol\":\"tcp\"}],\"volumesFrom\":[]}]",
            "cpu": "",
            "execution_role_arn": "arn:aws:iam::639716861848:role/AmazonElasticContainerServiceTaskRole",
            "family": "txreports-docker-qa",
            "id": "txreports-docker-qa",
            "ipc_mode": null,
            "memory": "",
            "network_mode": "bridge",
            "pid_mode": null,
            "placement_constraints": [],
            "proxy_configuration": [],
            "requires_compatibilities": [
              "EC2"
            ],
            "revision": 9,
            "tags": {},
            "task_role_arn": "arn:aws:iam::639716861848:role/AmazonElasticContainerServiceTaskRole",
            "volume": [
              {
                "docker_volume_configuration": [],
                "host_path": "/ecs/txreports-docker-qa",
                "name": "txreports-docker-qa"
              }
            ]
          },
          "private": "eyJzY2hlbWFfdmVyc2lvbiI6IjEifQ=="
        }
      ]
    },
    {
      "mode": "managed",
      "type": "aws_ecs_task_definition",
      "name": "user-management-docker-qa",
      "provider": "provider.aws",
      "instances": [
        {
          "schema_version": 1,
          "attributes": {
            "arn": "arn:aws:ecs:eu-west-3:639716861848:task-definition/user-management-docker-qa:9",
            "container_definitions": "[{\"command\":[\"node\",\"app.js\"],\"cpu\":128,\"dockerLabels\":{\"app-name\":\"user-management\"},\"environment\":[{\"name\":\"XRAY_SAMPLE\",\"value\":\"true\"},{\"name\":\"USE_MQ\",\"value\":\"false\"},{\"name\":\"NOTIFY_ADMIN\",\"value\":\"true\"},{\"name\":\"XRAY_APP_NAME\",\"value\":\"UserManagementQaMn\"},{\"name\":\"IP_BLACKLIST\",\"value\":\"false\"},{\"name\":\"MOLECULER_BROKER\",\"value\":\"{\\\"type\\\":\\\"MQTT\\\",\\\"options\\\":{\\\"servers\\\":[{\\\"host\\\":\\\"b-be5119ac-f7f0-4d09-be3b-5373e259ebc1-1.mq.eu-west-1.amazonaws.com\\\",\\\"protocol\\\":\\\"mqtts\\\",\\\"port\\\":8883},{\\\"host\\\":\\\"b-be5119ac-f7f0-4d09-be3b-5373e259ebc1-2.mq.eu-west-1.amazonaws.com\\\",\\\"protocol\\\":\\\"mqtts\\\",\\\"port\\\":8883}],\\\"username\\\":\\\"qa-user\\\",\\\"password\\\":\\\"Broker4Colu!\\\"}}\"},{\"name\":\"HTTP_PORT\",\"value\":\"8080\"},{\"name\":\"ENV\",\"value\":\"QA\"},{\"name\":\"LOGIN_LIMIT_MINUTES\",\"value\":\"10\"},{\"name\":\"DEMO_LIST\",\"value\":\"+12025555555\"},{\"name\":\"DEMO_PREFIX_MODE\",\"value\":\"true\"},{\"name\":\"DBURI\",\"value\":\"5424d1bb30e8148d447bdfa7014d89ab0d4e45893@qa-rs-shard-00-00-bx3yy.mongodb.net:27017,engine_dev:20e52e53c62c89773554724b4f82f606b6f93f3c5104a839c6385992286ff277feb8b117b64cc1aea2fa2d95424d1bb30e8148d447bdfa7014d89ab0d4e45893@qa-rs-shard-00-01-bx3yy.mongodb.net:27017,engine_dev:20e52e53c62c89773554724b4f82f606b6f93f3c5104a839c6385992286ff277feb8b117b64cc1aea2fa2d95424d1bb30e8148d447bdfa7014d89ab0d4e45893@qa-rs-shard-00-02-bx3yy.mongodb.net:27017/colu_dev_new?ssl=true\u0026replicaSet=QA-RS-shard-0\u0026authSource=admin\"},{\"name\":\"LOGIN_LIMIT_ALLOWED\",\"value\":\"500\"},{\"name\":\"DB_OPTIONS\",\"value\":\"{replset:{socketOptions:{connectTimeoutMS:4000}}}\"},{\"name\":\"USE_MOLECULER\",\"value\":\"true\"},{\"name\":\"JWTTOKENSECRET\",\"value\":\"eece15a9923b5ad41c9bb861d18f815f077bc999a8cf26c9c459adfd66c6a283c98d81c96fdd868c7a76629c633e082da5a271f1af4b393e8220c2f71548298e\"},{\"name\":\"SMS_PROVIDER\",\"value\":\"sns\"},{\"name\":\"DEMO_LIST_MODE\",\"value\":\"false\"},{\"name\":\"DBCOLLECTION\",\"value\":\"engine_mn_qa\"},{\"name\":\"DEMO_PREFIX\",\"value\":\"+97255555\"},{\"name\":\"NODE_ENV\",\"value\":\"development\"},{\"name\":\"ADMIN_EMAIL\",\"value\":\"eyal@colu.com\"},{\"name\":\"APPLICATION_NAME\",\"value\":\"USERMANAGEMENT\"},{\"name\":\"NEW_RELIC_APP_NAME\",\"value\":\"user-management-mn-qa-euw1\"}],\"essential\":true,\"healthCheck\":{\"command\":[\"CMD-SHELL\",\"curl -f http://localhost:8080/brokertest || exit 1\"],\"interval\":30,\"retries\":3,\"startPeriod\":30,\"timeout\":15},\"image\":\"639716861848.dkr.ecr.eu-west-1.amazonaws.com/user-management:commitid-3f2cc07\",\"logConfiguration\":{\"logDriver\":\"awslogs\",\"options\":{\"awslogs-create-group\":\"true\",\"awslogs-group\":\"/ecs/user-management-docker-qa\",\"awslogs-region\":\"eu-west-3\"}},\"memory\":1024,\"mountPoints\":[],\"name\":\"user-management\",\"portMappings\":[{\"containerPort\":8080,\"hostPort\":0,\"protocol\":\"tcp\"}],\"volumesFrom\":[]}]",
            "cpu": "",
            "execution_role_arn": "arn:aws:iam::639716861848:role/AmazonElasticContainerServiceTaskRole",
            "family": "user-management-docker-qa",
            "id": "user-management-docker-qa",
            "ipc_mode": null,
            "memory": "",
            "network_mode": "bridge",
            "pid_mode": null,
            "placement_constraints": [],
            "proxy_configuration": [],
            "requires_compatibilities": [
              "EC2"
            ],
            "revision": 9,
            "tags": {},
            "task_role_arn": "arn:aws:iam::639716861848:role/AmazonElasticContainerServiceTaskRole",
            "volume": [
              {
                "docker_volume_configuration": [],
                "host_path": "/ecs/user-management-docker-qa",
                "name": "user-management-docker-qa"
              }
            ]
          },
          "private": "eyJzY2hlbWFfdmVyc2lvbiI6IjEifQ=="
        }
      ]
    },
    {
      "mode": "managed",
      "type": "aws_ecs_task_definition",
      "name": "withdrawal-docker-qa",
      "provider": "provider.aws",
      "instances": [
        {
          "schema_version": 1,
          "attributes": {
            "arn": "arn:aws:ecs:eu-west-3:639716861848:task-definition/withdrawal-docker-qa:9",
            "container_definitions": "[{\"command\":[\"npm\",\"start\"],\"cpu\":0,\"dockerLabels\":{\"app-name\":\"withdrawal\"},\"environment\":[{\"name\":\"ENV\",\"value\":\"QA\"},{\"name\":\"APPLICATION_NAME\",\"value\":\"COLU-BILLING\"}],\"essential\":true,\"healthCheck\":{\"command\":[\"CMD-SHELL\",\"curl -f http://localhost:8080/brokertest || exit 1\"],\"interval\":30,\"retries\":3,\"startPeriod\":30,\"timeout\":5},\"image\":\"639716861848.dkr.ecr.eu-west-1.amazonaws.com/withdrawal:commitid-05cdb8b\",\"logConfiguration\":{\"logDriver\":\"awslogs\",\"options\":{\"awslogs-create-group\":\"true\",\"awslogs-group\":\"/ecs/withdrawal-docker-qa\",\"awslogs-region\":\"eu-west-3\"}},\"memory\":256,\"mountPoints\":[],\"name\":\"withdrawal\",\"portMappings\":[{\"containerPort\":8080,\"hostPort\":0,\"protocol\":\"tcp\"}],\"volumesFrom\":[]}]",
            "cpu": "",
            "execution_role_arn": "arn:aws:iam::639716861848:role/AmazonElasticContainerServiceTaskRole",
            "family": "withdrawal-docker-qa",
            "id": "withdrawal-docker-qa",
            "ipc_mode": null,
            "memory": "",
            "network_mode": "bridge",
            "pid_mode": null,
            "placement_constraints": [],
            "proxy_configuration": [],
            "requires_compatibilities": [
              "EC2"
            ],
            "revision": 9,
            "tags": {},
            "task_role_arn": "arn:aws:iam::639716861848:role/AmazonElasticContainerServiceTaskRole",
            "volume": [
              {
                "docker_volume_configuration": [],
                "host_path": "/ecs/withdrawal-docker-qa",
                "name": "withdrawal-docker-qa"
              }
            ]
          },
          "private": "eyJzY2hlbWFfdmVyc2lvbiI6IjEifQ=="
        }
      ]
    },
    {
      "mode": "managed",
      "type": "aws_eip",
      "name": "NAT_IP",
      "provider": "provider.aws",
      "instances": [
        {
          "schema_version": 0,
          "attributes": {
            "allocation_id": null,
            "associate_with_private_ip": null,
            "association_id": "eipassoc-8d5eb557",
            "domain": "vpc",
            "id": "eipalloc-0dac27d63f609000f",
            "instance": "",
            "network_interface": "eni-0de65eabadb8770cd",
            "private_dns": "ip-10-30-255-42.eu-west-3.compute.internal",
            "private_ip": "10.30.255.42",
            "public_dns": "ec2-52-47-60-150.eu-west-3.compute.amazonaws.com",
            "public_ip": "52.47.60.150",
            "public_ipv4_pool": "amazon",
            "tags": {
              "Env": "QA",
              "Name": "NAT IP for NAT Gateway"
            },
            "timeouts": null,
            "vpc": true
          },
          "private": "eyJlMmJmYjczMC1lY2FhLTExZTYtOGY4OC0zNDM2M2JjN2M0YzAiOnsiZGVsZXRlIjoxODAwMDAwMDAwMDAsInJlYWQiOjkwMDAwMDAwMDAwMCwidXBkYXRlIjozMDAwMDAwMDAwMDB9fQ=="
        }
      ]
    },
    {
      "mode": "managed",
      "type": "aws_iam_instance_profile",
      "name": "Instance-to-ECSCluster",
      "provider": "provider.aws",
      "instances": [
        {
          "schema_version": 0,
          "attributes": {
            "arn": "arn:aws:iam::639716861848:instance-profile/Instance-to-ECSCluster",
            "create_date": "2019-11-05T15:53:40Z",
            "id": "Instance-to-ECSCluster",
            "name": "Instance-to-ECSCluster",
            "name_prefix": null,
            "path": "/",
            "role": "terraform-20191105155337406800000001",
            "roles": [
              "terraform-20191105155337406800000001"
            ],
            "unique_id": "AIPAZJ4QYU6MAGDTONOFD"
          },
          "private": "bnVsbA==",
          "depends_on": [
            "aws_iam_role.EC2Instance-to-ECSCLuster-role"
          ]
        }
      ]
    },
    {
      "mode": "managed",
      "type": "aws_iam_role",
      "name": "EC2Instance-to-ECSCLuster-role",
      "provider": "provider.aws",
      "instances": [
        {
          "schema_version": 0,
          "attributes": {
            "arn": "arn:aws:iam::639716861848:role/terraform-20191105155337406800000001",
            "assume_role_policy": "{\"Version\":\"2012-10-17\",\"Statement\":[{\"Sid\":\"\",\"Effect\":\"Allow\",\"Principal\":{\"Service\":\"ec2.amazonaws.com\"},\"Action\":\"sts:AssumeRole\"}]}",
            "create_date": "2019-11-05T15:53:38Z",
            "description": "",
            "force_detach_policies": false,
            "id": "terraform-20191105155337406800000001",
            "max_session_duration": 3600,
            "name": "terraform-20191105155337406800000001",
            "name_prefix": null,
            "path": "/",
            "permissions_boundary": null,
            "tags": {},
            "unique_id": "AROAZJ4QYU6MBHASF4X4R"
          },
          "private": "bnVsbA=="
        }
      ]
    },
    {
      "mode": "managed",
      "type": "aws_iam_role_policy",
      "name": "EC2Instance-to-ECSCLuster-role-policy",
      "provider": "provider.aws",
      "instances": [
        {
          "schema_version": 0,
          "attributes": {
            "id": "terraform-20191105155337406800000001:terraform-2019110515533987800000000f",
            "name": "terraform-2019110515533987800000000f",
            "name_prefix": null,
            "policy": "{\n    \"Version\": \"2012-10-17\",\n    \"Statement\": [\n        {\n            \"Sid\": \"ECSAccess\",\n            \"Effect\": \"Allow\",\n            \"Action\": [\n                \"ecs:Poll\",\n                \"ecs:StartTask\",\n                \"ecs:StopTask\",\n                \"ecs:DiscoverPollEndpoint\",\n                \"ecs:StartTelemetrySession\",\n                \"ecs:RegisterContainerInstance\",\n                \"ecs:DeregisterContainerInstance\",\n                \"ecs:DescribeContainerInstances\",\n                \"ecs:Submit*\",\n                \"ecs:DescribeTasks\"\n            ],\n            \"Resource\": \"*\"\n        }\n    ]\n}\n",
            "role": "terraform-20191105155337406800000001"
          },
          "private": "bnVsbA==",
          "depends_on": [
            "aws_iam_role.EC2Instance-to-ECSCLuster-role"
          ]
        }
      ]
    },
    {
      "mode": "managed",
      "type": "aws_internet_gateway",
      "name": "IGW",
      "provider": "provider.aws",
      "instances": [
        {
          "schema_version": 0,
          "attributes": {
            "id": "igw-0e34b38a15ffd692b",
            "owner_id": "639716861848",
            "tags": {
              "Env": "QA",
              "Name": "Internet Gateway"
            },
            "vpc_id": "vpc-00c1e98f2f4b8a389"
          },
          "private": "bnVsbA==",
          "depends_on": [
            "aws_vpc.stage_qa"
          ]
        }
      ]
    },
    {
      "mode": "managed",
      "type": "aws_launch_configuration",
      "name": "ECS-LaunchConfig",
      "provider": "provider.aws",
      "instances": [
        {
          "schema_version": 0,
          "attributes": {
            "associate_public_ip_address": true,
            "ebs_block_device": [
              {
                "delete_on_termination": true,
                "device_name": "/dev/sdb",
                "encrypted": false,
                "iops": 0,
                "no_device": false,
                "snapshot_id": "",
                "volume_size": 50,
                "volume_type": "gp2"
              }
            ],
            "ebs_optimized": false,
            "enable_monitoring": true,
            "ephemeral_block_device": [],
            "iam_instance_profile": "Instance-to-ECSCluster",
            "id": "ECSCluster-launch-configuration",
            "image_id": "ami-084782c5b95d70e09",
            "instance_type": "m5.large",
            "key_name": "",
            "name": "ECSCluster-launch-configuration",
            "name_prefix": null,
            "placement_tenancy": null,
            "root_block_device": [],
            "security_groups": [],
            "spot_price": "",
            "user_data": "6e2dfdf0c8ee4471f6906f817beed3498007b1a5",
            "user_data_base64": null,
            "vpc_classic_link_id": "",
            "vpc_classic_link_security_groups": []
          },
          "private": "bnVsbA==",
          "depends_on": [
            "aws_ecs_cluster.docker-QA-cl-rep",
            "aws_iam_instance_profile.Instance-to-ECSCluster"
          ]
        }
      ]
    },
    {
      "mode": "managed",
      "type": "aws_nat_gateway",
      "name": "NATGW",
      "provider": "provider.aws",
      "instances": [
        {
          "schema_version": 0,
          "attributes": {
            "allocation_id": "eipalloc-0dac27d63f609000f",
            "id": "nat-010e236c745a0d769",
            "network_interface_id": "eni-0de65eabadb8770cd",
            "private_ip": "10.30.255.42",
            "public_ip": "52.47.60.150",
            "subnet_id": "subnet-0f093dc84bb0c7f24",
            "tags": {
              "Env": "QA",
              "Name": "NAT Gateway"
            }
          },
          "private": "bnVsbA==",
          "depends_on": [
            "aws_eip.NAT_IP",
            "aws_subnet.NATSubnet"
          ]
        }
      ]
    },
    {
      "mode": "managed",
      "type": "aws_route_table",
      "name": "NATRT",
      "provider": "provider.aws",
      "instances": [
        {
          "schema_version": 0,
          "attributes": {
            "id": "rtb-06fa48511fcea4ed3",
            "owner_id": "639716861848",
            "propagating_vgws": [],
            "route": [
              {
                "cidr_block": "0.0.0.0/0",
                "egress_only_gateway_id": "",
                "gateway_id": "",
                "instance_id": "",
                "ipv6_cidr_block": "",
                "nat_gateway_id": "nat-010e236c745a0d769",
                "network_interface_id": "",
                "transit_gateway_id": "",
                "vpc_peering_connection_id": ""
              }
            ],
            "tags": {
              "Env": "QA",
              "Name": "NAT RT Subnet"
            },
            "vpc_id": "vpc-00c1e98f2f4b8a389"
          },
          "private": "bnVsbA==",
          "depends_on": [
            "aws_nat_gateway.NATGW",
            "aws_vpc.stage_qa"
          ]
        }
      ]
    },
    {
      "mode": "managed",
      "type": "aws_route_table",
      "name": "PublicRT",
      "provider": "provider.aws",
      "instances": [
        {
          "schema_version": 0,
          "attributes": {
            "id": "rtb-07bccd73d4f98f56a",
            "owner_id": "639716861848",
            "propagating_vgws": [],
            "route": [
              {
                "cidr_block": "0.0.0.0/0",
                "egress_only_gateway_id": "",
                "gateway_id": "igw-0e34b38a15ffd692b",
                "instance_id": "",
                "ipv6_cidr_block": "",
                "nat_gateway_id": "",
                "network_interface_id": "",
                "transit_gateway_id": "",
                "vpc_peering_connection_id": ""
              }
            ],
            "tags": {
              "Env": "QA",
              "Name": "Public RT"
            },
            "vpc_id": "vpc-00c1e98f2f4b8a389"
          },
          "private": "bnVsbA==",
          "depends_on": [
            "aws_internet_gateway.IGW",
            "aws_vpc.stage_qa"
          ]
        }
      ]
    },
    {
      "mode": "managed",
      "type": "aws_route_table_association",
      "name": "NATRTAssignA",
      "provider": "provider.aws",
      "instances": [
        {
          "schema_version": 0,
          "attributes": {
            "id": "rtbassoc-0aa93e2d63e0f1b4b",
            "route_table_id": "rtb-06fa48511fcea4ed3",
            "subnet_id": "subnet-03bdddc5986396fe6"
          },
          "private": "bnVsbA==",
          "depends_on": [
            "aws_route_table.NATRT",
            "aws_subnet.PrivateSubnetA"
          ]
        }
      ]
    },
    {
      "mode": "managed",
      "type": "aws_route_table_association",
      "name": "NATRTAssignB",
      "provider": "provider.aws",
      "instances": [
        {
          "schema_version": 0,
          "attributes": {
            "id": "rtbassoc-06d3f525a04ba8cfc",
            "route_table_id": "rtb-06fa48511fcea4ed3",
            "subnet_id": "subnet-04215367a32857acb"
          },
          "private": "bnVsbA==",
          "depends_on": [
            "aws_route_table.NATRT",
            "aws_subnet.PrivateSubnetB"
          ]
        }
      ]
    },
    {
      "mode": "managed",
      "type": "aws_route_table_association",
      "name": "NATRTAssignC",
      "provider": "provider.aws",
      "instances": [
        {
          "schema_version": 0,
          "attributes": {
            "id": "rtbassoc-01dbb74c3f46e6763",
            "route_table_id": "rtb-06fa48511fcea4ed3",
            "subnet_id": "subnet-0aa8e9565334848cb"
          },
          "private": "bnVsbA==",
          "depends_on": [
            "aws_route_table.NATRT",
            "aws_subnet.PrivateSubnetC"
          ]
        }
      ]
    },
    {
      "mode": "managed",
      "type": "aws_route_table_association",
      "name": "PublicRTAssignA",
      "provider": "provider.aws",
      "instances": [
        {
          "schema_version": 0,
          "attributes": {
            "id": "rtbassoc-07979dc8c7f79d4b6",
            "route_table_id": "rtb-07bccd73d4f98f56a",
            "subnet_id": "subnet-0dca3bfd3d15339bb"
          },
          "private": "bnVsbA==",
          "depends_on": [
            "aws_route_table.PublicRT",
            "aws_subnet.PublicSubnetA"
          ]
        }
      ]
    },
    {
      "mode": "managed",
      "type": "aws_route_table_association",
      "name": "PublicRTAssignB",
      "provider": "provider.aws",
      "instances": [
        {
          "schema_version": 0,
          "attributes": {
            "id": "rtbassoc-06adc5552c32318fc",
            "route_table_id": "rtb-07bccd73d4f98f56a",
            "subnet_id": "subnet-0af3f061d63a7240b"
          },
          "private": "bnVsbA==",
          "depends_on": [
            "aws_route_table.PublicRT",
            "aws_subnet.PublicSubnetB"
          ]
        }
      ]
    },
    {
      "mode": "managed",
      "type": "aws_route_table_association",
      "name": "PublicRTAssignC",
      "provider": "provider.aws",
      "instances": [
        {
          "schema_version": 0,
          "attributes": {
            "id": "rtbassoc-0102e54f184674cdd",
            "route_table_id": "rtb-07bccd73d4f98f56a",
            "subnet_id": "subnet-058ad21e030a0bd1c"
          },
          "private": "bnVsbA==",
          "depends_on": [
            "aws_route_table.PublicRT",
            "aws_subnet.PublicSubnetC"
          ]
        }
      ]
    },
    {
      "mode": "managed",
      "type": "aws_security_group",
      "name": "ECSCluster",
      "provider": "provider.aws",
      "instances": [
        {
          "schema_version": 1,
          "attributes": {
            "arn": "arn:aws:ec2:eu-west-3:639716861848:security-group/sg-0036d44bc480b5e9c",
            "description": "SG for ECS Cluster",
            "egress": [
              {
                "cidr_blocks": [
                  "0.0.0.0/0"
                ],
                "description": "",
                "from_port": 0,
                "ipv6_cidr_blocks": [],
                "prefix_list_ids": [],
                "protocol": "-1",
                "security_groups": [],
                "self": false,
                "to_port": 0
              }
            ],
            "id": "sg-0036d44bc480b5e9c",
            "ingress": [
              {
                "cidr_blocks": [],
                "description": "",
                "from_port": 22,
                "ipv6_cidr_blocks": [],
                "prefix_list_ids": [],
                "protocol": "tcp",
                "security_groups": [],
                "self": false,
                "to_port": 22
              }
            ],
            "name": "SG-ECS-cluster-qa-replica",
            "name_prefix": null,
            "owner_id": "639716861848",
            "revoke_rules_on_delete": false,
            "tags": {
              "Name": "Allow SSH Port"
            },
            "timeouts": null,
            "vpc_id": "vpc-00c1e98f2f4b8a389"
          },
          "private": "eyJlMmJmYjczMC1lY2FhLTExZTYtOGY4OC0zNDM2M2JjN2M0YzAiOnsiY3JlYXRlIjo2MDAwMDAwMDAwMDAsImRlbGV0ZSI6NjAwMDAwMDAwMDAwfSwic2NoZW1hX3ZlcnNpb24iOiIxIn0=",
          "depends_on": [
            "aws_vpc.stage_qa"
          ]
        }
      ]
    },
    {
      "mode": "managed",
      "type": "aws_subnet",
      "name": "MongoSubnet",
      "provider": "provider.aws",
      "instances": [
        {
          "schema_version": 1,
          "attributes": {
            "arn": "arn:aws:ec2:eu-west-3:639716861848:subnet/subnet-0ab4f831670f182d9",
            "assign_ipv6_address_on_creation": false,
            "availability_zone": "eu-west-3b",
            "availability_zone_id": "euw3-az2",
            "cidr_block": "10.30.250.0/24",
            "id": "subnet-0ab4f831670f182d9",
            "ipv6_cidr_block": "",
            "ipv6_cidr_block_association_id": "",
            "map_public_ip_on_launch": false,
            "owner_id": "639716861848",
            "tags": {
              "Env": "QA",
              "Name": "Mongo Subnet"
            },
            "timeouts": null,
            "vpc_id": "vpc-00c1e98f2f4b8a389"
          },
          "private": "eyJlMmJmYjczMC1lY2FhLTExZTYtOGY4OC0zNDM2M2JjN2M0YzAiOnsiY3JlYXRlIjo2MDAwMDAwMDAwMDAsImRlbGV0ZSI6MTIwMDAwMDAwMDAwMH0sInNjaGVtYV92ZXJzaW9uIjoiMSJ9",
          "depends_on": [
            "aws_vpc.stage_qa"
          ]
        }
      ]
    },
    {
      "mode": "managed",
      "type": "aws_subnet",
      "name": "NATSubnet",
      "provider": "provider.aws",
      "instances": [
        {
          "schema_version": 1,
          "attributes": {
            "arn": "arn:aws:ec2:eu-west-3:639716861848:subnet/subnet-0f093dc84bb0c7f24",
            "assign_ipv6_address_on_creation": false,
            "availability_zone": "eu-west-3c",
            "availability_zone_id": "euw3-az3",
            "cidr_block": "10.30.255.0/24",
            "id": "subnet-0f093dc84bb0c7f24",
            "ipv6_cidr_block": "",
            "ipv6_cidr_block_association_id": "",
            "map_public_ip_on_launch": false,
            "owner_id": "639716861848",
            "tags": {
              "Env": "QA",
              "Name": "NAT Subnet"
            },
            "timeouts": null,
            "vpc_id": "vpc-00c1e98f2f4b8a389"
          },
          "private": "eyJlMmJmYjczMC1lY2FhLTExZTYtOGY4OC0zNDM2M2JjN2M0YzAiOnsiY3JlYXRlIjo2MDAwMDAwMDAwMDAsImRlbGV0ZSI6MTIwMDAwMDAwMDAwMH0sInNjaGVtYV92ZXJzaW9uIjoiMSJ9",
          "depends_on": [
            "aws_vpc.stage_qa"
          ]
        }
      ]
    },
    {
      "mode": "managed",
      "type": "aws_subnet",
      "name": "PrivateSubnetA",
      "provider": "provider.aws",
      "instances": [
        {
          "schema_version": 1,
          "attributes": {
            "arn": "arn:aws:ec2:eu-west-3:639716861848:subnet/subnet-03bdddc5986396fe6",
            "assign_ipv6_address_on_creation": false,
            "availability_zone": "eu-west-3b",
            "availability_zone_id": "euw3-az2",
            "cidr_block": "10.30.10.0/24",
            "id": "subnet-03bdddc5986396fe6",
            "ipv6_cidr_block": "",
            "ipv6_cidr_block_association_id": "",
            "map_public_ip_on_launch": false,
            "owner_id": "639716861848",
            "tags": {
              "Env": "QA",
              "Name": "Private Subnet A"
            },
            "timeouts": null,
            "vpc_id": "vpc-00c1e98f2f4b8a389"
          },
          "private": "eyJlMmJmYjczMC1lY2FhLTExZTYtOGY4OC0zNDM2M2JjN2M0YzAiOnsiY3JlYXRlIjo2MDAwMDAwMDAwMDAsImRlbGV0ZSI6MTIwMDAwMDAwMDAwMH0sInNjaGVtYV92ZXJzaW9uIjoiMSJ9",
          "depends_on": [
            "aws_nat_gateway.NATGW",
            "aws_vpc.stage_qa"
          ]
        }
      ]
    },
    {
      "mode": "managed",
      "type": "aws_subnet",
      "name": "PrivateSubnetB",
      "provider": "provider.aws",
      "instances": [
        {
          "schema_version": 1,
          "attributes": {
            "arn": "arn:aws:ec2:eu-west-3:639716861848:subnet/subnet-04215367a32857acb",
            "assign_ipv6_address_on_creation": false,
            "availability_zone": "eu-west-3b",
            "availability_zone_id": "euw3-az2",
            "cidr_block": "10.30.11.0/24",
            "id": "subnet-04215367a32857acb",
            "ipv6_cidr_block": "",
            "ipv6_cidr_block_association_id": "",
            "map_public_ip_on_launch": false,
            "owner_id": "639716861848",
            "tags": {
              "Env": "QA",
              "Name": "Private Subnet B"
            },
            "timeouts": null,
            "vpc_id": "vpc-00c1e98f2f4b8a389"
          },
          "private": "eyJlMmJmYjczMC1lY2FhLTExZTYtOGY4OC0zNDM2M2JjN2M0YzAiOnsiY3JlYXRlIjo2MDAwMDAwMDAwMDAsImRlbGV0ZSI6MTIwMDAwMDAwMDAwMH0sInNjaGVtYV92ZXJzaW9uIjoiMSJ9",
          "depends_on": [
            "aws_nat_gateway.NATGW",
            "aws_vpc.stage_qa"
          ]
        }
      ]
    },
    {
      "mode": "managed",
      "type": "aws_subnet",
      "name": "PrivateSubnetC",
      "provider": "provider.aws",
      "instances": [
        {
          "schema_version": 1,
          "attributes": {
            "arn": "arn:aws:ec2:eu-west-3:639716861848:subnet/subnet-0aa8e9565334848cb",
            "assign_ipv6_address_on_creation": false,
            "availability_zone": "eu-west-3c",
            "availability_zone_id": "euw3-az3",
            "cidr_block": "10.30.12.0/24",
            "id": "subnet-0aa8e9565334848cb",
            "ipv6_cidr_block": "",
            "ipv6_cidr_block_association_id": "",
            "map_public_ip_on_launch": false,
            "owner_id": "639716861848",
            "tags": {
              "Env": "QA",
              "Name": "Private Subnet C"
            },
            "timeouts": null,
            "vpc_id": "vpc-00c1e98f2f4b8a389"
          },
          "private": "eyJlMmJmYjczMC1lY2FhLTExZTYtOGY4OC0zNDM2M2JjN2M0YzAiOnsiY3JlYXRlIjo2MDAwMDAwMDAwMDAsImRlbGV0ZSI6MTIwMDAwMDAwMDAwMH0sInNjaGVtYV92ZXJzaW9uIjoiMSJ9",
          "depends_on": [
            "aws_nat_gateway.NATGW",
            "aws_vpc.stage_qa"
          ]
        }
      ]
    },
    {
      "mode": "managed",
      "type": "aws_subnet",
      "name": "PublicSubnetA",
      "provider": "provider.aws",
      "instances": [
        {
          "schema_version": 1,
          "attributes": {
            "arn": "arn:aws:ec2:eu-west-3:639716861848:subnet/subnet-0dca3bfd3d15339bb",
            "assign_ipv6_address_on_creation": false,
            "availability_zone": "eu-west-3c",
            "availability_zone_id": "euw3-az3",
            "cidr_block": "10.30.0.0/24",
            "id": "subnet-0dca3bfd3d15339bb",
            "ipv6_cidr_block": "",
            "ipv6_cidr_block_association_id": "",
            "map_public_ip_on_launch": false,
            "owner_id": "639716861848",
            "tags": {
              "Env": "QA",
              "Name": "Public Subnet A"
            },
            "timeouts": null,
            "vpc_id": "vpc-00c1e98f2f4b8a389"
          },
          "private": "eyJlMmJmYjczMC1lY2FhLTExZTYtOGY4OC0zNDM2M2JjN2M0YzAiOnsiY3JlYXRlIjo2MDAwMDAwMDAwMDAsImRlbGV0ZSI6MTIwMDAwMDAwMDAwMH0sInNjaGVtYV92ZXJzaW9uIjoiMSJ9",
          "depends_on": [
            "aws_internet_gateway.IGW",
            "aws_vpc.stage_qa"
          ]
        }
      ]
    },
    {
      "mode": "managed",
      "type": "aws_subnet",
      "name": "PublicSubnetB",
      "provider": "provider.aws",
      "instances": [
        {
          "schema_version": 1,
          "attributes": {
            "arn": "arn:aws:ec2:eu-west-3:639716861848:subnet/subnet-0af3f061d63a7240b",
            "assign_ipv6_address_on_creation": false,
            "availability_zone": "eu-west-3c",
            "availability_zone_id": "euw3-az3",
            "cidr_block": "10.30.1.0/24",
            "id": "subnet-0af3f061d63a7240b",
            "ipv6_cidr_block": "",
            "ipv6_cidr_block_association_id": "",
            "map_public_ip_on_launch": false,
            "owner_id": "639716861848",
            "tags": {
              "Env": "QA",
              "Name": "Public Subnet B"
            },
            "timeouts": null,
            "vpc_id": "vpc-00c1e98f2f4b8a389"
          },
          "private": "eyJlMmJmYjczMC1lY2FhLTExZTYtOGY4OC0zNDM2M2JjN2M0YzAiOnsiY3JlYXRlIjo2MDAwMDAwMDAwMDAsImRlbGV0ZSI6MTIwMDAwMDAwMDAwMH0sInNjaGVtYV92ZXJzaW9uIjoiMSJ9",
          "depends_on": [
            "aws_internet_gateway.IGW",
            "aws_vpc.stage_qa"
          ]
        }
      ]
    },
    {
      "mode": "managed",
      "type": "aws_subnet",
      "name": "PublicSubnetC",
      "provider": "provider.aws",
      "instances": [
        {
          "schema_version": 1,
          "attributes": {
            "arn": "arn:aws:ec2:eu-west-3:639716861848:subnet/subnet-058ad21e030a0bd1c",
            "assign_ipv6_address_on_creation": false,
            "availability_zone": "eu-west-3c",
            "availability_zone_id": "euw3-az3",
            "cidr_block": "10.30.2.0/24",
            "id": "subnet-058ad21e030a0bd1c",
            "ipv6_cidr_block": "",
            "ipv6_cidr_block_association_id": "",
            "map_public_ip_on_launch": false,
            "owner_id": "639716861848",
            "tags": {
              "Env": "QA",
              "Name": "Public Subnet C"
            },
            "timeouts": null,
            "vpc_id": "vpc-00c1e98f2f4b8a389"
          },
          "private": "eyJlMmJmYjczMC1lY2FhLTExZTYtOGY4OC0zNDM2M2JjN2M0YzAiOnsiY3JlYXRlIjo2MDAwMDAwMDAwMDAsImRlbGV0ZSI6MTIwMDAwMDAwMDAwMH0sInNjaGVtYV92ZXJzaW9uIjoiMSJ9",
          "depends_on": [
            "aws_internet_gateway.IGW",
            "aws_vpc.stage_qa"
          ]
        }
      ]
    },
    {
      "mode": "managed",
      "type": "aws_vpc",
      "name": "stage_qa",
      "provider": "provider.aws",
      "instances": [
        {
          "schema_version": 1,
          "attributes": {
            "arn": "arn:aws:ec2:eu-west-3:639716861848:vpc/vpc-00c1e98f2f4b8a389",
            "assign_generated_ipv6_cidr_block": false,
            "cidr_block": "10.30.0.0/16",
            "default_network_acl_id": "acl-05b067fed9c233f6a",
            "default_route_table_id": "rtb-0c971c0f2d2921fb8",
            "default_security_group_id": "sg-00ee5a15adaeaaf02",
            "dhcp_options_id": "dopt-a653abcf",
            "enable_classiclink": null,
            "enable_classiclink_dns_support": null,
            "enable_dns_hostnames": false,
            "enable_dns_support": true,
            "id": "vpc-00c1e98f2f4b8a389",
            "instance_tenancy": "default",
            "ipv6_association_id": "",
            "ipv6_cidr_block": "",
            "main_route_table_id": "rtb-0c971c0f2d2921fb8",
            "owner_id": "639716861848",
            "tags": {
              "Env": "QA",
              "Name": "Stage QA VPC"
            }
          },
          "private": "eyJzY2hlbWFfdmVyc2lvbiI6IjEifQ=="
        }
      ]
    }
  ]
}
